// !$*UTF8*$!
{
	archiveVersion = 1;
	classes = {
	};
	objectVersion = 55;
	objects = {

/* Begin PBXBuildFile section */
		D70547C229111FF800A64455 /* CodableFeedStore.swift in Sources */ = {isa = PBXBuildFile; fileRef = D70547C129111FF800A64455 /* CodableFeedStore.swift */; };
		D70547C429114F4800A64455 /* FeedStoreSpecs.swift in Sources */ = {isa = PBXBuildFile; fileRef = D70547C329114F4800A64455 /* FeedStoreSpecs.swift */; };
		D70547C6291159C400A64455 /* XCTestCase+FeedStoreSpecs.swift in Sources */ = {isa = PBXBuildFile; fileRef = D70547C5291159C400A64455 /* XCTestCase+FeedStoreSpecs.swift */; };
		D70547C82911629B00A64455 /* CoreDataFeedStoreTests.swift in Sources */ = {isa = PBXBuildFile; fileRef = D70547C72911629B00A64455 /* CoreDataFeedStoreTests.swift */; };
		D705730B28F9880500B549BF /* HTTPClient.swift in Sources */ = {isa = PBXBuildFile; fileRef = D705730A28F9880500B549BF /* HTTPClient.swift */; };
		D705730D28F9882400B549BF /* FeedItemsMapper.swift in Sources */ = {isa = PBXBuildFile; fileRef = D705730C28F9882400B549BF /* FeedItemsMapper.swift */; };
		D70944752913BC1B00826BCD /* XCTestCase+FailableRetrieveFeedStoreSpecs.swift in Sources */ = {isa = PBXBuildFile; fileRef = D70944742913BC1B00826BCD /* XCTestCase+FailableRetrieveFeedStoreSpecs.swift */; };
		D70944772913BC2F00826BCD /* XCTestCase+FailableInsertFeedStoreSpecs.swift in Sources */ = {isa = PBXBuildFile; fileRef = D70944762913BC2F00826BCD /* XCTestCase+FailableInsertFeedStoreSpecs.swift */; };
		D70944792913BC4E00826BCD /* XCTestCase+FailableDeleteFeedStoreSpecs.swift in Sources */ = {isa = PBXBuildFile; fileRef = D70944782913BC4E00826BCD /* XCTestCase+FailableDeleteFeedStoreSpecs.swift */; };
		D70944812913BDFB00826BCD /* EssentialFeedCacheIntegrationTests.swift in Sources */ = {isa = PBXBuildFile; fileRef = D70944802913BDFB00826BCD /* EssentialFeedCacheIntegrationTests.swift */; };
		D70944822913BDFB00826BCD /* EssentialFeed.framework in Frameworks */ = {isa = PBXBuildFile; fileRef = D7559BEF28F7FE7E001154DF /* EssentialFeed.framework */; };
		D70944882913C13A00826BCD /* XCTestCase+MemoryLeakTracking.swift in Sources */ = {isa = PBXBuildFile; fileRef = D77A4E1228FD8A1900128911 /* XCTestCase+MemoryLeakTracking.swift */; };
		D709448B2913C8A800826BCD /* SharedTestHelpers.swift in Sources */ = {isa = PBXBuildFile; fileRef = E4AB5FDD290D7FAF00AE2AC4 /* SharedTestHelpers.swift */; };
		D709448C2913CBD500826BCD /* FeedCacheTestHelpers.swift in Sources */ = {isa = PBXBuildFile; fileRef = E4AB5FDB290D7EFC00AE2AC4 /* FeedCacheTestHelpers.swift */; };
		D70944A92913D71400826BCD /* CoreDataHelpers.swift in Sources */ = {isa = PBXBuildFile; fileRef = D70944A32913D71300826BCD /* CoreDataHelpers.swift */; };
		D70944AA2913D71400826BCD /* ManagedFeedImage.swift in Sources */ = {isa = PBXBuildFile; fileRef = D70944A42913D71300826BCD /* ManagedFeedImage.swift */; };
		D70944AB2913D71400826BCD /* FeedStore.xcdatamodeld in Sources */ = {isa = PBXBuildFile; fileRef = D70944A52913D71300826BCD /* FeedStore.xcdatamodeld */; };
		D70944AC2913D71400826BCD /* ManagedCache.swift in Sources */ = {isa = PBXBuildFile; fileRef = D70944A72913D71300826BCD /* ManagedCache.swift */; };
		D70944AD2913D71400826BCD /* CoreDataFeedStore.swift in Sources */ = {isa = PBXBuildFile; fileRef = D70944A82913D71300826BCD /* CoreDataFeedStore.swift */; };
		D70C82D8290FD27100438E0D /* FeedCachePolicy.swift in Sources */ = {isa = PBXBuildFile; fileRef = D70C82D7290FD27100438E0D /* FeedCachePolicy.swift */; };
		D734DA0828F80C860092A4B7 /* RemoteFeedLoaderTests.swift in Sources */ = {isa = PBXBuildFile; fileRef = D734DA0728F80C860092A4B7 /* RemoteFeedLoaderTests.swift */; };
		D734DA0B28F8153B0092A4B7 /* RemoteFeedLoader.swift in Sources */ = {isa = PBXBuildFile; fileRef = D734DA0A28F8153B0092A4B7 /* RemoteFeedLoader.swift */; };
		D74F55B2292E4BAF00BA385A /* Feed.strings in Resources */ = {isa = PBXBuildFile; fileRef = D74F55B1292E4BAF00BA385A /* Feed.strings */; };
		D74F55B5292E5CB200BA385A /* FeedViewController+Localized.swift in Sources */ = {isa = PBXBuildFile; fileRef = D74F55B4292E5CB200BA385A /* FeedViewController+Localized.swift */; };
		D7559BF828F7FE7F001154DF /* EssentialFeed.framework in Frameworks */ = {isa = PBXBuildFile; fileRef = D7559BEF28F7FE7E001154DF /* EssentialFeed.framework */; };
		D7559C0828F7FEB5001154DF /* FeedImage.swift in Sources */ = {isa = PBXBuildFile; fileRef = D7559C0728F7FEB5001154DF /* FeedImage.swift */; };
		D7559C0A28F7FFEC001154DF /* FeedLoader.swift in Sources */ = {isa = PBXBuildFile; fileRef = D7559C0928F7FFEC001154DF /* FeedLoader.swift */; };
		D75F1DEF28FE9BA000C04888 /* URLSessionHTTPClient.swift in Sources */ = {isa = PBXBuildFile; fileRef = D75F1DEE28FE9BA000C04888 /* URLSessionHTTPClient.swift */; };
		D75F1DF728FECA7000C04888 /* EssentialFeedAPIEndToEndTests.swift in Sources */ = {isa = PBXBuildFile; fileRef = D75F1DF628FECA7000C04888 /* EssentialFeedAPIEndToEndTests.swift */; };
		D75F1DF828FECA7000C04888 /* EssentialFeed.framework in Frameworks */ = {isa = PBXBuildFile; fileRef = D7559BEF28F7FE7E001154DF /* EssentialFeed.framework */; };
		D75F1DFE28FEE1D400C04888 /* XCTestCase+MemoryLeakTracking.swift in Sources */ = {isa = PBXBuildFile; fileRef = D77A4E1228FD8A1900128911 /* XCTestCase+MemoryLeakTracking.swift */; };
		D77A4E1028FD52E400128911 /* URLSessionHTTPClientTests.swift in Sources */ = {isa = PBXBuildFile; fileRef = D77A4E0F28FD52E400128911 /* URLSessionHTTPClientTests.swift */; };
		D77A4E1328FD8A1900128911 /* XCTestCase+MemoryLeakTracking.swift in Sources */ = {isa = PBXBuildFile; fileRef = D77A4E1228FD8A1900128911 /* XCTestCase+MemoryLeakTracking.swift */; };
		D79EA3F5292798BC00395F67 /* FeedPresenter.swift in Sources */ = {isa = PBXBuildFile; fileRef = D79EA3F4292798BC00395F67 /* FeedPresenter.swift */; };
		D7D74DC32907FC090010B134 /* CacheFeedUseCaseTest.swift in Sources */ = {isa = PBXBuildFile; fileRef = D7D74DC22907FC090010B134 /* CacheFeedUseCaseTest.swift */; };
		D7DAF82F291BB3DF0003115C /* URLProtocolStub.swift in Sources */ = {isa = PBXBuildFile; fileRef = D7DAF82E291BB3DF0003115C /* URLProtocolStub.swift */; };
		D7DAF831291BD07D0003115C /* FeedImageCell.swift in Sources */ = {isa = PBXBuildFile; fileRef = D7DAF830291BD07D0003115C /* FeedImageCell.swift */; };
		D7E48945290934E300A9A24E /* LocalFeedLoader.swift in Sources */ = {isa = PBXBuildFile; fileRef = D7E48944290934E300A9A24E /* LocalFeedLoader.swift */; };
		D7E489472909354900A9A24E /* FeedStore.swift in Sources */ = {isa = PBXBuildFile; fileRef = D7E489462909354900A9A24E /* FeedStore.swift */; };
		D7E4894B29095ABE00A9A24E /* LocalFeedImage.swift in Sources */ = {isa = PBXBuildFile; fileRef = D7E4894A29095ABE00A9A24E /* LocalFeedImage.swift */; };
		E4126DAF291065030055DE64 /* CodableFeedStoreTests.swift in Sources */ = {isa = PBXBuildFile; fileRef = E4126DAE291065030055DE64 /* CodableFeedStoreTests.swift */; };
		E46D928F2926D20700C0BC90 /* FeedImageViewModel.swift in Sources */ = {isa = PBXBuildFile; fileRef = E46D928E2926D20700C0BC90 /* FeedImageViewModel.swift */; };
		E4AB5FDA290D7AFC00AE2AC4 /* ValidateFeedCacheUseCaseTests.swift in Sources */ = {isa = PBXBuildFile; fileRef = E4AB5FD9290D7AFC00AE2AC4 /* ValidateFeedCacheUseCaseTests.swift */; };
		E4AB5FDC290D7EFC00AE2AC4 /* FeedCacheTestHelpers.swift in Sources */ = {isa = PBXBuildFile; fileRef = E4AB5FDB290D7EFC00AE2AC4 /* FeedCacheTestHelpers.swift */; };
		E4AB5FDE290D7FAF00AE2AC4 /* SharedTestHelpers.swift in Sources */ = {isa = PBXBuildFile; fileRef = E4AB5FDD290D7FAF00AE2AC4 /* SharedTestHelpers.swift */; };
		E4D02AC129200A3200832A3C /* UIView+Shimmering.swift in Sources */ = {isa = PBXBuildFile; fileRef = E4D02AC029200A3200832A3C /* UIView+Shimmering.swift */; };
		E4D02AC629200AC400832A3C /* FeedImageDataLoader.swift in Sources */ = {isa = PBXBuildFile; fileRef = E4D02AC529200AC400832A3C /* FeedImageDataLoader.swift */; };
		E4D02AC829200E5A00832A3C /* FeedRefreshViewController.swift in Sources */ = {isa = PBXBuildFile; fileRef = E4D02AC729200E5A00832A3C /* FeedRefreshViewController.swift */; };
		E4D02ACA2920130900832A3C /* FeedImageCellController.swift in Sources */ = {isa = PBXBuildFile; fileRef = E4D02AC92920130900832A3C /* FeedImageCellController.swift */; };
		E4D02ACD2920175000832A3C /* FeedUIComposer.swift in Sources */ = {isa = PBXBuildFile; fileRef = E4D02ACC2920175000832A3C /* FeedUIComposer.swift */; };
		E4D2BE19290C1CEB006C644B /* RemoteFeedItem.swift in Sources */ = {isa = PBXBuildFile; fileRef = E4D2BE18290C1CEB006C644B /* RemoteFeedItem.swift */; };
		E4D8DE03290D1980003B78CA /* LoadFeedFromCacheUseCaseTests.swift in Sources */ = {isa = PBXBuildFile; fileRef = E4D8DE02290D1980003B78CA /* LoadFeedFromCacheUseCaseTests.swift */; };
		E4D8DE06290D1B40003B78CA /* FeedStoreSpy.swift in Sources */ = {isa = PBXBuildFile; fileRef = E4D8DE05290D1B40003B78CA /* FeedStoreSpy.swift */; };
		E4E2F3B3291AED4900A9680D /* EssentialFeediOS.framework in Frameworks */ = {isa = PBXBuildFile; fileRef = E4E2F3AB291AED4900A9680D /* EssentialFeediOS.framework */; };
		E4E2F3C3291AF0FA00A9680D /* FeedUIIntegrationTests.swift in Sources */ = {isa = PBXBuildFile; fileRef = E4E2F3C2291AF0FA00A9680D /* FeedUIIntegrationTests.swift */; };
		E4E2F3C5291AF52800A9680D /* EssentialFeed.framework in Frameworks */ = {isa = PBXBuildFile; fileRef = D7559BEF28F7FE7E001154DF /* EssentialFeed.framework */; };
		E4E2F3C6291AF52800A9680D /* EssentialFeed.framework in Embed Frameworks */ = {isa = PBXBuildFile; fileRef = D7559BEF28F7FE7E001154DF /* EssentialFeed.framework */; settings = {ATTRIBUTES = (CodeSignOnCopy, RemoveHeadersOnCopy, ); }; };
		E4E2F3CA291AF5CF00A9680D /* XCTestCase+MemoryLeakTracking.swift in Sources */ = {isa = PBXBuildFile; fileRef = D77A4E1228FD8A1900128911 /* XCTestCase+MemoryLeakTracking.swift */; };
		E4E2F3CC291B00D400A9680D /* FeedViewController.swift in Sources */ = {isa = PBXBuildFile; fileRef = E4E2F3CB291B00D400A9680D /* FeedViewController.swift */; };
/* End PBXBuildFile section */

/* Begin PBXContainerItemProxy section */
		D70944832913BDFB00826BCD /* PBXContainerItemProxy */ = {
			isa = PBXContainerItemProxy;
			containerPortal = D7559BE628F7FE7E001154DF /* Project object */;
			proxyType = 1;
			remoteGlobalIDString = D7559BEE28F7FE7E001154DF;
			remoteInfo = EssentialFeed;
		};
		D7559BF928F7FE7F001154DF /* PBXContainerItemProxy */ = {
			isa = PBXContainerItemProxy;
			containerPortal = D7559BE628F7FE7E001154DF /* Project object */;
			proxyType = 1;
			remoteGlobalIDString = D7559BEE28F7FE7E001154DF;
			remoteInfo = EssentialFeed;
		};
		D75F1DF928FECA7000C04888 /* PBXContainerItemProxy */ = {
			isa = PBXContainerItemProxy;
			containerPortal = D7559BE628F7FE7E001154DF /* Project object */;
			proxyType = 1;
			remoteGlobalIDString = D7559BEE28F7FE7E001154DF;
			remoteInfo = EssentialFeed;
		};
		E4E2F3B4291AED4900A9680D /* PBXContainerItemProxy */ = {
			isa = PBXContainerItemProxy;
			containerPortal = D7559BE628F7FE7E001154DF /* Project object */;
			proxyType = 1;
			remoteGlobalIDString = E4E2F3AA291AED4900A9680D;
			remoteInfo = EssentialFeediOS;
		};
		E4E2F3C7291AF52800A9680D /* PBXContainerItemProxy */ = {
			isa = PBXContainerItemProxy;
			containerPortal = D7559BE628F7FE7E001154DF /* Project object */;
			proxyType = 1;
			remoteGlobalIDString = D7559BEE28F7FE7E001154DF;
			remoteInfo = EssentialFeed;
		};
/* End PBXContainerItemProxy section */

/* Begin PBXCopyFilesBuildPhase section */
		E4E2F3C9291AF52800A9680D /* Embed Frameworks */ = {
			isa = PBXCopyFilesBuildPhase;
			buildActionMask = 2147483647;
			dstPath = "";
			dstSubfolderSpec = 10;
			files = (
				E4E2F3C6291AF52800A9680D /* EssentialFeed.framework in Embed Frameworks */,
			);
			name = "Embed Frameworks";
			runOnlyForDeploymentPostprocessing = 0;
		};
/* End PBXCopyFilesBuildPhase section */

/* Begin PBXFileReference section */
		D70547C129111FF800A64455 /* CodableFeedStore.swift */ = {isa = PBXFileReference; lastKnownFileType = sourcecode.swift; path = CodableFeedStore.swift; sourceTree = "<group>"; };
		D70547C329114F4800A64455 /* FeedStoreSpecs.swift */ = {isa = PBXFileReference; lastKnownFileType = sourcecode.swift; path = FeedStoreSpecs.swift; sourceTree = "<group>"; };
		D70547C5291159C400A64455 /* XCTestCase+FeedStoreSpecs.swift */ = {isa = PBXFileReference; lastKnownFileType = sourcecode.swift; path = "XCTestCase+FeedStoreSpecs.swift"; sourceTree = "<group>"; };
		D70547C72911629B00A64455 /* CoreDataFeedStoreTests.swift */ = {isa = PBXFileReference; lastKnownFileType = sourcecode.swift; path = CoreDataFeedStoreTests.swift; sourceTree = "<group>"; };
		D705730A28F9880500B549BF /* HTTPClient.swift */ = {isa = PBXFileReference; lastKnownFileType = sourcecode.swift; path = HTTPClient.swift; sourceTree = "<group>"; };
		D705730C28F9882400B549BF /* FeedItemsMapper.swift */ = {isa = PBXFileReference; lastKnownFileType = sourcecode.swift; path = FeedItemsMapper.swift; sourceTree = "<group>"; };
		D70944742913BC1B00826BCD /* XCTestCase+FailableRetrieveFeedStoreSpecs.swift */ = {isa = PBXFileReference; lastKnownFileType = sourcecode.swift; path = "XCTestCase+FailableRetrieveFeedStoreSpecs.swift"; sourceTree = "<group>"; };
		D70944762913BC2F00826BCD /* XCTestCase+FailableInsertFeedStoreSpecs.swift */ = {isa = PBXFileReference; lastKnownFileType = sourcecode.swift; path = "XCTestCase+FailableInsertFeedStoreSpecs.swift"; sourceTree = "<group>"; };
		D70944782913BC4E00826BCD /* XCTestCase+FailableDeleteFeedStoreSpecs.swift */ = {isa = PBXFileReference; lastKnownFileType = sourcecode.swift; path = "XCTestCase+FailableDeleteFeedStoreSpecs.swift"; sourceTree = "<group>"; };
		D709447E2913BDFB00826BCD /* EssentialFeedCacheIntegrationTests.xctest */ = {isa = PBXFileReference; explicitFileType = wrapper.cfbundle; includeInIndex = 0; path = EssentialFeedCacheIntegrationTests.xctest; sourceTree = BUILT_PRODUCTS_DIR; };
		D70944802913BDFB00826BCD /* EssentialFeedCacheIntegrationTests.swift */ = {isa = PBXFileReference; lastKnownFileType = sourcecode.swift; path = EssentialFeedCacheIntegrationTests.swift; sourceTree = "<group>"; };
		D70944A32913D71300826BCD /* CoreDataHelpers.swift */ = {isa = PBXFileReference; fileEncoding = 4; lastKnownFileType = sourcecode.swift; path = CoreDataHelpers.swift; sourceTree = "<group>"; };
		D70944A42913D71300826BCD /* ManagedFeedImage.swift */ = {isa = PBXFileReference; fileEncoding = 4; lastKnownFileType = sourcecode.swift; path = ManagedFeedImage.swift; sourceTree = "<group>"; };
		D70944A62913D71300826BCD /* FeedStore.xcdatamodel */ = {isa = PBXFileReference; lastKnownFileType = wrapper.xcdatamodel; path = FeedStore.xcdatamodel; sourceTree = "<group>"; };
		D70944A72913D71300826BCD /* ManagedCache.swift */ = {isa = PBXFileReference; fileEncoding = 4; lastKnownFileType = sourcecode.swift; path = ManagedCache.swift; sourceTree = "<group>"; };
		D70944A82913D71300826BCD /* CoreDataFeedStore.swift */ = {isa = PBXFileReference; fileEncoding = 4; lastKnownFileType = sourcecode.swift; path = CoreDataFeedStore.swift; sourceTree = "<group>"; };
		D70C82D7290FD27100438E0D /* FeedCachePolicy.swift */ = {isa = PBXFileReference; lastKnownFileType = sourcecode.swift; path = FeedCachePolicy.swift; sourceTree = "<group>"; };
		D734DA0728F80C860092A4B7 /* RemoteFeedLoaderTests.swift */ = {isa = PBXFileReference; lastKnownFileType = sourcecode.swift; path = RemoteFeedLoaderTests.swift; sourceTree = "<group>"; };
		D734DA0A28F8153B0092A4B7 /* RemoteFeedLoader.swift */ = {isa = PBXFileReference; lastKnownFileType = sourcecode.swift; path = RemoteFeedLoader.swift; sourceTree = "<group>"; };
		D74F55B1292E4BAF00BA385A /* Feed.strings */ = {isa = PBXFileReference; lastKnownFileType = text.plist.strings; path = Feed.strings; sourceTree = "<group>"; };
		D74F55B4292E5CB200BA385A /* FeedViewController+Localized.swift */ = {isa = PBXFileReference; lastKnownFileType = sourcecode.swift; path = "FeedViewController+Localized.swift"; sourceTree = "<group>"; };
		D7559BEF28F7FE7E001154DF /* EssentialFeed.framework */ = {isa = PBXFileReference; explicitFileType = wrapper.framework; includeInIndex = 0; path = EssentialFeed.framework; sourceTree = BUILT_PRODUCTS_DIR; };
		D7559BF728F7FE7F001154DF /* EssentialFeedTests.xctest */ = {isa = PBXFileReference; explicitFileType = wrapper.cfbundle; includeInIndex = 0; path = EssentialFeedTests.xctest; sourceTree = BUILT_PRODUCTS_DIR; };
		D7559C0728F7FEB5001154DF /* FeedImage.swift */ = {isa = PBXFileReference; lastKnownFileType = sourcecode.swift; path = FeedImage.swift; sourceTree = "<group>"; };
		D7559C0928F7FFEC001154DF /* FeedLoader.swift */ = {isa = PBXFileReference; lastKnownFileType = sourcecode.swift; path = FeedLoader.swift; sourceTree = "<group>"; };
		D75F1DEE28FE9BA000C04888 /* URLSessionHTTPClient.swift */ = {isa = PBXFileReference; lastKnownFileType = sourcecode.swift; path = URLSessionHTTPClient.swift; sourceTree = "<group>"; };
		D75F1DF428FECA7000C04888 /* EssentialFeedAPIEndToEndTests.xctest */ = {isa = PBXFileReference; explicitFileType = wrapper.cfbundle; includeInIndex = 0; path = EssentialFeedAPIEndToEndTests.xctest; sourceTree = BUILT_PRODUCTS_DIR; };
		D75F1DF628FECA7000C04888 /* EssentialFeedAPIEndToEndTests.swift */ = {isa = PBXFileReference; lastKnownFileType = sourcecode.swift; path = EssentialFeedAPIEndToEndTests.swift; sourceTree = "<group>"; };
		D77A4E0F28FD52E400128911 /* URLSessionHTTPClientTests.swift */ = {isa = PBXFileReference; lastKnownFileType = sourcecode.swift; path = URLSessionHTTPClientTests.swift; sourceTree = "<group>"; };
		D77A4E1228FD8A1900128911 /* XCTestCase+MemoryLeakTracking.swift */ = {isa = PBXFileReference; lastKnownFileType = sourcecode.swift; path = "XCTestCase+MemoryLeakTracking.swift"; sourceTree = "<group>"; };
		D79EA3F4292798BC00395F67 /* FeedPresenter.swift */ = {isa = PBXFileReference; lastKnownFileType = sourcecode.swift; path = FeedPresenter.swift; sourceTree = "<group>"; };
		D7D74DC22907FC090010B134 /* CacheFeedUseCaseTest.swift */ = {isa = PBXFileReference; lastKnownFileType = sourcecode.swift; path = CacheFeedUseCaseTest.swift; sourceTree = "<group>"; };
		D7DAF82E291BB3DF0003115C /* URLProtocolStub.swift */ = {isa = PBXFileReference; lastKnownFileType = sourcecode.swift; path = URLProtocolStub.swift; sourceTree = "<group>"; };
		D7DAF830291BD07D0003115C /* FeedImageCell.swift */ = {isa = PBXFileReference; lastKnownFileType = sourcecode.swift; path = FeedImageCell.swift; sourceTree = "<group>"; };
		D7E48944290934E300A9A24E /* LocalFeedLoader.swift */ = {isa = PBXFileReference; lastKnownFileType = sourcecode.swift; path = LocalFeedLoader.swift; sourceTree = "<group>"; };
		D7E489462909354900A9A24E /* FeedStore.swift */ = {isa = PBXFileReference; lastKnownFileType = sourcecode.swift; path = FeedStore.swift; sourceTree = "<group>"; };
		D7E4894A29095ABE00A9A24E /* LocalFeedImage.swift */ = {isa = PBXFileReference; lastKnownFileType = sourcecode.swift; path = LocalFeedImage.swift; sourceTree = "<group>"; };
		E4126DAE291065030055DE64 /* CodableFeedStoreTests.swift */ = {isa = PBXFileReference; lastKnownFileType = sourcecode.swift; path = CodableFeedStoreTests.swift; sourceTree = "<group>"; };
		E46D928E2926D20700C0BC90 /* FeedImageViewModel.swift */ = {isa = PBXFileReference; lastKnownFileType = sourcecode.swift; path = FeedImageViewModel.swift; sourceTree = "<group>"; };
		E4AB5FD9290D7AFC00AE2AC4 /* ValidateFeedCacheUseCaseTests.swift */ = {isa = PBXFileReference; lastKnownFileType = sourcecode.swift; path = ValidateFeedCacheUseCaseTests.swift; sourceTree = "<group>"; };
		E4AB5FDB290D7EFC00AE2AC4 /* FeedCacheTestHelpers.swift */ = {isa = PBXFileReference; lastKnownFileType = sourcecode.swift; path = FeedCacheTestHelpers.swift; sourceTree = "<group>"; };
		E4AB5FDD290D7FAF00AE2AC4 /* SharedTestHelpers.swift */ = {isa = PBXFileReference; lastKnownFileType = sourcecode.swift; path = SharedTestHelpers.swift; sourceTree = "<group>"; };
		E4D02AC029200A3200832A3C /* UIView+Shimmering.swift */ = {isa = PBXFileReference; lastKnownFileType = sourcecode.swift; path = "UIView+Shimmering.swift"; sourceTree = "<group>"; };
		E4D02AC529200AC400832A3C /* FeedImageDataLoader.swift */ = {isa = PBXFileReference; lastKnownFileType = sourcecode.swift; path = FeedImageDataLoader.swift; sourceTree = "<group>"; };
		E4D02AC729200E5A00832A3C /* FeedRefreshViewController.swift */ = {isa = PBXFileReference; lastKnownFileType = sourcecode.swift; path = FeedRefreshViewController.swift; sourceTree = "<group>"; };
		E4D02AC92920130900832A3C /* FeedImageCellController.swift */ = {isa = PBXFileReference; lastKnownFileType = sourcecode.swift; path = FeedImageCellController.swift; sourceTree = "<group>"; };
		E4D02ACC2920175000832A3C /* FeedUIComposer.swift */ = {isa = PBXFileReference; lastKnownFileType = sourcecode.swift; path = FeedUIComposer.swift; sourceTree = "<group>"; };
		E4D2BE18290C1CEB006C644B /* RemoteFeedItem.swift */ = {isa = PBXFileReference; lastKnownFileType = sourcecode.swift; path = RemoteFeedItem.swift; sourceTree = "<group>"; };
		E4D8DE02290D1980003B78CA /* LoadFeedFromCacheUseCaseTests.swift */ = {isa = PBXFileReference; lastKnownFileType = sourcecode.swift; path = LoadFeedFromCacheUseCaseTests.swift; sourceTree = "<group>"; };
		E4D8DE05290D1B40003B78CA /* FeedStoreSpy.swift */ = {isa = PBXFileReference; lastKnownFileType = sourcecode.swift; path = FeedStoreSpy.swift; sourceTree = "<group>"; };
		E4E2F3AB291AED4900A9680D /* EssentialFeediOS.framework */ = {isa = PBXFileReference; explicitFileType = wrapper.framework; includeInIndex = 0; path = EssentialFeediOS.framework; sourceTree = BUILT_PRODUCTS_DIR; };
		E4E2F3B2291AED4900A9680D /* EssentialFeediOSTests.xctest */ = {isa = PBXFileReference; explicitFileType = wrapper.cfbundle; includeInIndex = 0; path = EssentialFeediOSTests.xctest; sourceTree = BUILT_PRODUCTS_DIR; };
		E4E2F3C2291AF0FA00A9680D /* FeedUIIntegrationTests.swift */ = {isa = PBXFileReference; lastKnownFileType = sourcecode.swift; path = FeedUIIntegrationTests.swift; sourceTree = "<group>"; };
		E4E2F3CB291B00D400A9680D /* FeedViewController.swift */ = {isa = PBXFileReference; lastKnownFileType = sourcecode.swift; path = FeedViewController.swift; sourceTree = "<group>"; };
/* End PBXFileReference section */

/* Begin PBXFrameworksBuildPhase section */
		D709447B2913BDFB00826BCD /* Frameworks */ = {
			isa = PBXFrameworksBuildPhase;
			buildActionMask = 2147483647;
			files = (
				D70944822913BDFB00826BCD /* EssentialFeed.framework in Frameworks */,
			);
			runOnlyForDeploymentPostprocessing = 0;
		};
		D7559BEC28F7FE7E001154DF /* Frameworks */ = {
			isa = PBXFrameworksBuildPhase;
			buildActionMask = 2147483647;
			files = (
			);
			runOnlyForDeploymentPostprocessing = 0;
		};
		D7559BF428F7FE7F001154DF /* Frameworks */ = {
			isa = PBXFrameworksBuildPhase;
			buildActionMask = 2147483647;
			files = (
				D7559BF828F7FE7F001154DF /* EssentialFeed.framework in Frameworks */,
			);
			runOnlyForDeploymentPostprocessing = 0;
		};
		D75F1DF128FECA7000C04888 /* Frameworks */ = {
			isa = PBXFrameworksBuildPhase;
			buildActionMask = 2147483647;
			files = (
				D75F1DF828FECA7000C04888 /* EssentialFeed.framework in Frameworks */,
			);
			runOnlyForDeploymentPostprocessing = 0;
		};
		E4E2F3A8291AED4900A9680D /* Frameworks */ = {
			isa = PBXFrameworksBuildPhase;
			buildActionMask = 2147483647;
			files = (
				E4E2F3C5291AF52800A9680D /* EssentialFeed.framework in Frameworks */,
			);
			runOnlyForDeploymentPostprocessing = 0;
		};
		E4E2F3AF291AED4900A9680D /* Frameworks */ = {
			isa = PBXFrameworksBuildPhase;
			buildActionMask = 2147483647;
			files = (
				E4E2F3B3291AED4900A9680D /* EssentialFeediOS.framework in Frameworks */,
			);
			runOnlyForDeploymentPostprocessing = 0;
		};
/* End PBXFrameworksBuildPhase section */

/* Begin PBXGroup section */
		D70944732913BBE500826BCD /* FeedStoreSpecs */ = {
			isa = PBXGroup;
			children = (
				D70547C329114F4800A64455 /* FeedStoreSpecs.swift */,
				D70944742913BC1B00826BCD /* XCTestCase+FailableRetrieveFeedStoreSpecs.swift */,
				D70944762913BC2F00826BCD /* XCTestCase+FailableInsertFeedStoreSpecs.swift */,
				D70944782913BC4E00826BCD /* XCTestCase+FailableDeleteFeedStoreSpecs.swift */,
				D70547C5291159C400A64455 /* XCTestCase+FeedStoreSpecs.swift */,
			);
			path = FeedStoreSpecs;
			sourceTree = "<group>";
		};
		D709447F2913BDFB00826BCD /* EssentialFeedCacheIntegrationTests */ = {
			isa = PBXGroup;
			children = (
				D70944802913BDFB00826BCD /* EssentialFeedCacheIntegrationTests.swift */,
			);
			path = EssentialFeedCacheIntegrationTests;
			sourceTree = "<group>";
		};
		D70944A22913D71300826BCD /* CoreData */ = {
			isa = PBXGroup;
			children = (
				D70944A32913D71300826BCD /* CoreDataHelpers.swift */,
				D70944A42913D71300826BCD /* ManagedFeedImage.swift */,
				D70944A52913D71300826BCD /* FeedStore.xcdatamodeld */,
				D70944A72913D71300826BCD /* ManagedCache.swift */,
				D70944A82913D71300826BCD /* CoreDataFeedStore.swift */,
			);
			path = CoreData;
			sourceTree = "<group>";
		};
		D734DA0928F815120092A4B7 /* Feed API */ = {
			isa = PBXGroup;
			children = (
				D734DA0A28F8153B0092A4B7 /* RemoteFeedLoader.swift */,
				D705730A28F9880500B549BF /* HTTPClient.swift */,
				D705730C28F9882400B549BF /* FeedItemsMapper.swift */,
				E4D2BE18290C1CEB006C644B /* RemoteFeedItem.swift */,
				D75F1DEE28FE9BA000C04888 /* URLSessionHTTPClient.swift */,
			);
			path = "Feed API";
			sourceTree = "<group>";
		};
		D74F55B3292E5C9E00BA385A /* Helpers */ = {
			isa = PBXGroup;
			children = (
				D74F55B4292E5CB200BA385A /* FeedViewController+Localized.swift */,
			);
			path = Helpers;
			sourceTree = "<group>";
		};
		D7559BE528F7FE7E001154DF = {
			isa = PBXGroup;
			children = (
				D7559BF128F7FE7E001154DF /* EssentialFeed */,
				D7559BFB28F7FE7F001154DF /* EssentialFeedTests */,
				D75F1DF528FECA7000C04888 /* EssentialFeedAPIEndToEndTests */,
				D709447F2913BDFB00826BCD /* EssentialFeedCacheIntegrationTests */,
				E4E2F3AC291AED4900A9680D /* EssentialFeediOS */,
				E4E2F3B6291AED4A00A9680D /* EssentialFeediOSTests */,
				D7559BF028F7FE7E001154DF /* Products */,
				E4E2F3C4291AF52800A9680D /* Frameworks */,
			);
			sourceTree = "<group>";
		};
		D7559BF028F7FE7E001154DF /* Products */ = {
			isa = PBXGroup;
			children = (
				D7559BEF28F7FE7E001154DF /* EssentialFeed.framework */,
				D7559BF728F7FE7F001154DF /* EssentialFeedTests.xctest */,
				D75F1DF428FECA7000C04888 /* EssentialFeedAPIEndToEndTests.xctest */,
				D709447E2913BDFB00826BCD /* EssentialFeedCacheIntegrationTests.xctest */,
				E4E2F3AB291AED4900A9680D /* EssentialFeediOS.framework */,
				E4E2F3B2291AED4900A9680D /* EssentialFeediOSTests.xctest */,
			);
			name = Products;
			sourceTree = "<group>";
		};
		D7559BF128F7FE7E001154DF /* EssentialFeed */ = {
			isa = PBXGroup;
			children = (
				D7E48943290934D400A9A24E /* Feed Cache */,
				D734DA0928F815120092A4B7 /* Feed API */,
				D7559C0D28F80110001154DF /* Feed Feature */,
			);
			path = EssentialFeed;
			sourceTree = "<group>";
		};
		D7559BFB28F7FE7F001154DF /* EssentialFeedTests */ = {
			isa = PBXGroup;
			children = (
				D77A4E1128FD89EE00128911 /* Helpers */,
				D7D74DC12907F95E0010B134 /* Feed Cache */,
				D77A4E0E28FD52B900128911 /* Feed API */,
			);
			path = EssentialFeedTests;
			sourceTree = "<group>";
		};
		D7559C0D28F80110001154DF /* Feed Feature */ = {
			isa = PBXGroup;
			children = (
				D7559C0728F7FEB5001154DF /* FeedImage.swift */,
				D7559C0928F7FFEC001154DF /* FeedLoader.swift */,
			);
			path = "Feed Feature";
			sourceTree = "<group>";
		};
		D75F1DF528FECA7000C04888 /* EssentialFeedAPIEndToEndTests */ = {
			isa = PBXGroup;
			children = (
				D75F1DF628FECA7000C04888 /* EssentialFeedAPIEndToEndTests.swift */,
			);
			path = EssentialFeedAPIEndToEndTests;
			sourceTree = "<group>";
		};
		D77A4E0E28FD52B900128911 /* Feed API */ = {
			isa = PBXGroup;
			children = (
				D7DAF82D291BB3AA0003115C /* Helpers */,
				D734DA0728F80C860092A4B7 /* RemoteFeedLoaderTests.swift */,
				D77A4E0F28FD52E400128911 /* URLSessionHTTPClientTests.swift */,
			);
			path = "Feed API";
			sourceTree = "<group>";
		};
		D77A4E1128FD89EE00128911 /* Helpers */ = {
			isa = PBXGroup;
			children = (
				D77A4E1228FD8A1900128911 /* XCTestCase+MemoryLeakTracking.swift */,
				E4AB5FDD290D7FAF00AE2AC4 /* SharedTestHelpers.swift */,
			);
			path = Helpers;
			sourceTree = "<group>";
		};
		D79EA3F32927986500395F67 /* Feed Presentation */ = {
			isa = PBXGroup;
			children = (
				E46D928E2926D20700C0BC90 /* FeedImageViewModel.swift */,
				D79EA3F4292798BC00395F67 /* FeedPresenter.swift */,
			);
			path = "Feed Presentation";
			sourceTree = "<group>";
		};
		D7BF9E8E2912B33C0024AB15 /* Infrastructure */ = {
			isa = PBXGroup;
			children = (
				D70944A22913D71300826BCD /* CoreData */,
				D7BF9E902912B3B50024AB15 /* Codable */,
			);
			path = Infrastructure;
			sourceTree = "<group>";
		};
		D7BF9E902912B3B50024AB15 /* Codable */ = {
			isa = PBXGroup;
			children = (
				D70547C129111FF800A64455 /* CodableFeedStore.swift */,
			);
			path = Codable;
			sourceTree = "<group>";
		};
		D7D74DC12907F95E0010B134 /* Feed Cache */ = {
			isa = PBXGroup;
			children = (
				D70944732913BBE500826BCD /* FeedStoreSpecs */,
				E4D8DE04290D1AF5003B78CA /* Helpers */,
				D7D74DC22907FC090010B134 /* CacheFeedUseCaseTest.swift */,
				E4D8DE02290D1980003B78CA /* LoadFeedFromCacheUseCaseTests.swift */,
				E4AB5FD9290D7AFC00AE2AC4 /* ValidateFeedCacheUseCaseTests.swift */,
				E4126DAE291065030055DE64 /* CodableFeedStoreTests.swift */,
				D70547C72911629B00A64455 /* CoreDataFeedStoreTests.swift */,
			);
			path = "Feed Cache";
			sourceTree = "<group>";
		};
		D7DAF82D291BB3AA0003115C /* Helpers */ = {
			isa = PBXGroup;
			children = (
				D7DAF82E291BB3DF0003115C /* URLProtocolStub.swift */,
			);
			path = Helpers;
			sourceTree = "<group>";
		};
		D7E48943290934D400A9A24E /* Feed Cache */ = {
			isa = PBXGroup;
			children = (
				D7BF9E8E2912B33C0024AB15 /* Infrastructure */,
				D7E48944290934E300A9A24E /* LocalFeedLoader.swift */,
				D7E489462909354900A9A24E /* FeedStore.swift */,
				D7E4894A29095ABE00A9A24E /* LocalFeedImage.swift */,
				D70C82D7290FD27100438E0D /* FeedCachePolicy.swift */,
			);
			path = "Feed Cache";
			sourceTree = "<group>";
		};
		E4D02ABF29200A2100832A3C /* Views */ = {
			isa = PBXGroup;
			children = (
				D7DAF830291BD07D0003115C /* FeedImageCell.swift */,
				E4D02AC029200A3200832A3C /* UIView+Shimmering.swift */,
			);
			path = Views;
			sourceTree = "<group>";
		};
		E4D02AC229200A7100832A3C /* Controllers */ = {
			isa = PBXGroup;
			children = (
				E4E2F3CB291B00D400A9680D /* FeedViewController.swift */,
				E4D02AC729200E5A00832A3C /* FeedRefreshViewController.swift */,
				E4D02AC92920130900832A3C /* FeedImageCellController.swift */,
			);
			path = Controllers;
			sourceTree = "<group>";
		};
		E4D02AC329200A8D00832A3C /* Feed UI */ = {
			isa = PBXGroup;
			children = (
				E4D02ACB2920174200832A3C /* Composers */,
				E4D02AC229200A7100832A3C /* Controllers */,
				E4D02ABF29200A2100832A3C /* Views */,
			);
			path = "Feed UI";
			sourceTree = "<group>";
		};
		E4D02AC429200AA000832A3C /* Feed Image Loader */ = {
			isa = PBXGroup;
			children = (
				E4D02AC529200AC400832A3C /* FeedImageDataLoader.swift */,
			);
			path = "Feed Image Loader";
			sourceTree = "<group>";
		};
		E4D02ACB2920174200832A3C /* Composers */ = {
			isa = PBXGroup;
			children = (
				E4D02ACC2920175000832A3C /* FeedUIComposer.swift */,
			);
			path = Composers;
			sourceTree = "<group>";
		};
		E4D8DE04290D1AF5003B78CA /* Helpers */ = {
			isa = PBXGroup;
			children = (
				E4D8DE05290D1B40003B78CA /* FeedStoreSpy.swift */,
				E4AB5FDB290D7EFC00AE2AC4 /* FeedCacheTestHelpers.swift */,
			);
			path = Helpers;
			sourceTree = "<group>";
		};
		E4E2F3AC291AED4900A9680D /* EssentialFeediOS */ = {
			isa = PBXGroup;
			children = (
				D79EA3F32927986500395F67 /* Feed Presentation */,
				E4D02AC429200AA000832A3C /* Feed Image Loader */,
				E4D02AC329200A8D00832A3C /* Feed UI */,
				D74F55B1292E4BAF00BA385A /* Feed.strings */,
			);
			path = EssentialFeediOS;
			sourceTree = "<group>";
		};
		E4E2F3B6291AED4A00A9680D /* EssentialFeediOSTests */ = {
			isa = PBXGroup;
			children = (
				D74F55B3292E5C9E00BA385A /* Helpers */,
				E4E2F3C2291AF0FA00A9680D /* FeedUIIntegrationTests.swift */,
			);
			path = EssentialFeediOSTests;
			sourceTree = "<group>";
		};
		E4E2F3C4291AF52800A9680D /* Frameworks */ = {
			isa = PBXGroup;
			children = (
			);
			name = Frameworks;
			sourceTree = "<group>";
		};
/* End PBXGroup section */

/* Begin PBXHeadersBuildPhase section */
		D7559BEA28F7FE7E001154DF /* Headers */ = {
			isa = PBXHeadersBuildPhase;
			buildActionMask = 2147483647;
			files = (
			);
			runOnlyForDeploymentPostprocessing = 0;
		};
		E4E2F3A6291AED4900A9680D /* Headers */ = {
			isa = PBXHeadersBuildPhase;
			buildActionMask = 2147483647;
			files = (
			);
			runOnlyForDeploymentPostprocessing = 0;
		};
/* End PBXHeadersBuildPhase section */

/* Begin PBXNativeTarget section */
		D709447D2913BDFB00826BCD /* EssentialFeedCacheIntegrationTests */ = {
			isa = PBXNativeTarget;
			buildConfigurationList = D70944872913BDFB00826BCD /* Build configuration list for PBXNativeTarget "EssentialFeedCacheIntegrationTests" */;
			buildPhases = (
				D709447A2913BDFB00826BCD /* Sources */,
				D709447B2913BDFB00826BCD /* Frameworks */,
				D709447C2913BDFB00826BCD /* Resources */,
			);
			buildRules = (
			);
			dependencies = (
				D70944842913BDFB00826BCD /* PBXTargetDependency */,
			);
			name = EssentialFeedCacheIntegrationTests;
			productName = EssentialFeedCacheIntegrationTests;
			productReference = D709447E2913BDFB00826BCD /* EssentialFeedCacheIntegrationTests.xctest */;
			productType = "com.apple.product-type.bundle.unit-test";
		};
		D7559BEE28F7FE7E001154DF /* EssentialFeed */ = {
			isa = PBXNativeTarget;
			buildConfigurationList = D7559C0128F7FE7F001154DF /* Build configuration list for PBXNativeTarget "EssentialFeed" */;
			buildPhases = (
				D7559BEA28F7FE7E001154DF /* Headers */,
				D7559BEB28F7FE7E001154DF /* Sources */,
				D7559BEC28F7FE7E001154DF /* Frameworks */,
				D7559BED28F7FE7E001154DF /* Resources */,
			);
			buildRules = (
			);
			dependencies = (
			);
			name = EssentialFeed;
			productName = EssentialFeed;
			productReference = D7559BEF28F7FE7E001154DF /* EssentialFeed.framework */;
			productType = "com.apple.product-type.framework";
		};
		D7559BF628F7FE7F001154DF /* EssentialFeedTests */ = {
			isa = PBXNativeTarget;
			buildConfigurationList = D7559C0428F7FE7F001154DF /* Build configuration list for PBXNativeTarget "EssentialFeedTests" */;
			buildPhases = (
				D7559BF328F7FE7F001154DF /* Sources */,
				D7559BF428F7FE7F001154DF /* Frameworks */,
				D7559BF528F7FE7F001154DF /* Resources */,
			);
			buildRules = (
			);
			dependencies = (
				D7559BFA28F7FE7F001154DF /* PBXTargetDependency */,
			);
			name = EssentialFeedTests;
			productName = EssentialFeedTests;
			productReference = D7559BF728F7FE7F001154DF /* EssentialFeedTests.xctest */;
			productType = "com.apple.product-type.bundle.unit-test";
		};
		D75F1DF328FECA7000C04888 /* EssentialFeedAPIEndToEndTests */ = {
			isa = PBXNativeTarget;
			buildConfigurationList = D75F1DFB28FECA7000C04888 /* Build configuration list for PBXNativeTarget "EssentialFeedAPIEndToEndTests" */;
			buildPhases = (
				D75F1DF028FECA7000C04888 /* Sources */,
				D75F1DF128FECA7000C04888 /* Frameworks */,
				D75F1DF228FECA7000C04888 /* Resources */,
			);
			buildRules = (
			);
			dependencies = (
				D75F1DFA28FECA7000C04888 /* PBXTargetDependency */,
			);
			name = EssentialFeedAPIEndToEndTests;
			productName = EssentialFeedAPIEndToEndTests;
			productReference = D75F1DF428FECA7000C04888 /* EssentialFeedAPIEndToEndTests.xctest */;
			productType = "com.apple.product-type.bundle.unit-test";
		};
		E4E2F3AA291AED4900A9680D /* EssentialFeediOS */ = {
			isa = PBXNativeTarget;
			buildConfigurationList = E4E2F3BE291AED4A00A9680D /* Build configuration list for PBXNativeTarget "EssentialFeediOS" */;
			buildPhases = (
				E4E2F3A6291AED4900A9680D /* Headers */,
				E4E2F3A7291AED4900A9680D /* Sources */,
				E4E2F3A8291AED4900A9680D /* Frameworks */,
				E4E2F3A9291AED4900A9680D /* Resources */,
				E4E2F3C9291AF52800A9680D /* Embed Frameworks */,
			);
			buildRules = (
			);
			dependencies = (
				E4E2F3C8291AF52800A9680D /* PBXTargetDependency */,
			);
			name = EssentialFeediOS;
			productName = EssentialFeediOS;
			productReference = E4E2F3AB291AED4900A9680D /* EssentialFeediOS.framework */;
			productType = "com.apple.product-type.framework";
		};
		E4E2F3B1291AED4900A9680D /* EssentialFeediOSTests */ = {
			isa = PBXNativeTarget;
			buildConfigurationList = E4E2F3BF291AED4A00A9680D /* Build configuration list for PBXNativeTarget "EssentialFeediOSTests" */;
			buildPhases = (
				E4E2F3AE291AED4900A9680D /* Sources */,
				E4E2F3AF291AED4900A9680D /* Frameworks */,
				E4E2F3B0291AED4900A9680D /* Resources */,
			);
			buildRules = (
			);
			dependencies = (
				E4E2F3B5291AED4900A9680D /* PBXTargetDependency */,
			);
			name = EssentialFeediOSTests;
			productName = EssentialFeediOSTests;
			productReference = E4E2F3B2291AED4900A9680D /* EssentialFeediOSTests.xctest */;
			productType = "com.apple.product-type.bundle.unit-test";
		};
/* End PBXNativeTarget section */

/* Begin PBXProject section */
		D7559BE628F7FE7E001154DF /* Project object */ = {
			isa = PBXProject;
			attributes = {
				BuildIndependentTargetsInParallel = 1;
				LastSwiftUpdateCheck = 1410;
				LastUpgradeCheck = 1400;
				TargetAttributes = {
					D709447D2913BDFB00826BCD = {
						CreatedOnToolsVersion = 14.1;
					};
					D7559BEE28F7FE7E001154DF = {
						CreatedOnToolsVersion = 13.4.1;
						LastSwiftMigration = 1340;
					};
					D7559BF628F7FE7F001154DF = {
						CreatedOnToolsVersion = 13.4.1;
					};
					D75F1DF328FECA7000C04888 = {
						CreatedOnToolsVersion = 14.1;
					};
					E4E2F3AA291AED4900A9680D = {
						CreatedOnToolsVersion = 14.1;
						LastSwiftMigration = 1410;
					};
					E4E2F3B1291AED4900A9680D = {
						CreatedOnToolsVersion = 14.1;
						LastSwiftMigration = 1410;
					};
				};
			};
			buildConfigurationList = D7559BE928F7FE7E001154DF /* Build configuration list for PBXProject "EssentialFeed" */;
			compatibilityVersion = "Xcode 13.0";
			developmentRegion = en;
			hasScannedForEncodings = 0;
			knownRegions = (
				en,
				Base,
			);
			mainGroup = D7559BE528F7FE7E001154DF;
			productRefGroup = D7559BF028F7FE7E001154DF /* Products */;
			projectDirPath = "";
			projectRoot = "";
			targets = (
				D7559BEE28F7FE7E001154DF /* EssentialFeed */,
				D7559BF628F7FE7F001154DF /* EssentialFeedTests */,
				D75F1DF328FECA7000C04888 /* EssentialFeedAPIEndToEndTests */,
				D709447D2913BDFB00826BCD /* EssentialFeedCacheIntegrationTests */,
				E4E2F3AA291AED4900A9680D /* EssentialFeediOS */,
				E4E2F3B1291AED4900A9680D /* EssentialFeediOSTests */,
			);
		};
/* End PBXProject section */

/* Begin PBXResourcesBuildPhase section */
		D709447C2913BDFB00826BCD /* Resources */ = {
			isa = PBXResourcesBuildPhase;
			buildActionMask = 2147483647;
			files = (
			);
			runOnlyForDeploymentPostprocessing = 0;
		};
		D7559BED28F7FE7E001154DF /* Resources */ = {
			isa = PBXResourcesBuildPhase;
			buildActionMask = 2147483647;
			files = (
			);
			runOnlyForDeploymentPostprocessing = 0;
		};
		D7559BF528F7FE7F001154DF /* Resources */ = {
			isa = PBXResourcesBuildPhase;
			buildActionMask = 2147483647;
			files = (
			);
			runOnlyForDeploymentPostprocessing = 0;
		};
		D75F1DF228FECA7000C04888 /* Resources */ = {
			isa = PBXResourcesBuildPhase;
			buildActionMask = 2147483647;
			files = (
			);
			runOnlyForDeploymentPostprocessing = 0;
		};
		E4E2F3A9291AED4900A9680D /* Resources */ = {
			isa = PBXResourcesBuildPhase;
			buildActionMask = 2147483647;
			files = (
				D74F55B2292E4BAF00BA385A /* Feed.strings in Resources */,
			);
			runOnlyForDeploymentPostprocessing = 0;
		};
		E4E2F3B0291AED4900A9680D /* Resources */ = {
			isa = PBXResourcesBuildPhase;
			buildActionMask = 2147483647;
			files = (
			);
			runOnlyForDeploymentPostprocessing = 0;
		};
/* End PBXResourcesBuildPhase section */

/* Begin PBXSourcesBuildPhase section */
		D709447A2913BDFB00826BCD /* Sources */ = {
			isa = PBXSourcesBuildPhase;
			buildActionMask = 2147483647;
			files = (
				D709448C2913CBD500826BCD /* FeedCacheTestHelpers.swift in Sources */,
				D70944812913BDFB00826BCD /* EssentialFeedCacheIntegrationTests.swift in Sources */,
				D70944882913C13A00826BCD /* XCTestCase+MemoryLeakTracking.swift in Sources */,
				D709448B2913C8A800826BCD /* SharedTestHelpers.swift in Sources */,
			);
			runOnlyForDeploymentPostprocessing = 0;
		};
		D7559BEB28F7FE7E001154DF /* Sources */ = {
			isa = PBXSourcesBuildPhase;
			buildActionMask = 2147483647;
			files = (
				D705730D28F9882400B549BF /* FeedItemsMapper.swift in Sources */,
				D70944AB2913D71400826BCD /* FeedStore.xcdatamodeld in Sources */,
				D70944AD2913D71400826BCD /* CoreDataFeedStore.swift in Sources */,
				D7559C0A28F7FFEC001154DF /* FeedLoader.swift in Sources */,
				D734DA0B28F8153B0092A4B7 /* RemoteFeedLoader.swift in Sources */,
				D70C82D8290FD27100438E0D /* FeedCachePolicy.swift in Sources */,
				D7E4894B29095ABE00A9A24E /* LocalFeedImage.swift in Sources */,
				D70944A92913D71400826BCD /* CoreDataHelpers.swift in Sources */,
				D7E489472909354900A9A24E /* FeedStore.swift in Sources */,
				D7E48945290934E300A9A24E /* LocalFeedLoader.swift in Sources */,
				E4D2BE19290C1CEB006C644B /* RemoteFeedItem.swift in Sources */,
				D70547C229111FF800A64455 /* CodableFeedStore.swift in Sources */,
				D705730B28F9880500B549BF /* HTTPClient.swift in Sources */,
				D70944AA2913D71400826BCD /* ManagedFeedImage.swift in Sources */,
				D7559C0828F7FEB5001154DF /* FeedImage.swift in Sources */,
				D70944AC2913D71400826BCD /* ManagedCache.swift in Sources */,
				D75F1DEF28FE9BA000C04888 /* URLSessionHTTPClient.swift in Sources */,
			);
			runOnlyForDeploymentPostprocessing = 0;
		};
		D7559BF328F7FE7F001154DF /* Sources */ = {
			isa = PBXSourcesBuildPhase;
			buildActionMask = 2147483647;
			files = (
				E4126DAF291065030055DE64 /* CodableFeedStoreTests.swift in Sources */,
				D70547C82911629B00A64455 /* CoreDataFeedStoreTests.swift in Sources */,
				E4AB5FDC290D7EFC00AE2AC4 /* FeedCacheTestHelpers.swift in Sources */,
				D70944752913BC1B00826BCD /* XCTestCase+FailableRetrieveFeedStoreSpecs.swift in Sources */,
				E4AB5FDA290D7AFC00AE2AC4 /* ValidateFeedCacheUseCaseTests.swift in Sources */,
				D734DA0828F80C860092A4B7 /* RemoteFeedLoaderTests.swift in Sources */,
				D77A4E1028FD52E400128911 /* URLSessionHTTPClientTests.swift in Sources */,
				E4D8DE06290D1B40003B78CA /* FeedStoreSpy.swift in Sources */,
				E4AB5FDE290D7FAF00AE2AC4 /* SharedTestHelpers.swift in Sources */,
				D7D74DC32907FC090010B134 /* CacheFeedUseCaseTest.swift in Sources */,
				E4D8DE03290D1980003B78CA /* LoadFeedFromCacheUseCaseTests.swift in Sources */,
				D7DAF82F291BB3DF0003115C /* URLProtocolStub.swift in Sources */,
				D70547C429114F4800A64455 /* FeedStoreSpecs.swift in Sources */,
				D70944792913BC4E00826BCD /* XCTestCase+FailableDeleteFeedStoreSpecs.swift in Sources */,
				D77A4E1328FD8A1900128911 /* XCTestCase+MemoryLeakTracking.swift in Sources */,
				D70547C6291159C400A64455 /* XCTestCase+FeedStoreSpecs.swift in Sources */,
				D70944772913BC2F00826BCD /* XCTestCase+FailableInsertFeedStoreSpecs.swift in Sources */,
			);
			runOnlyForDeploymentPostprocessing = 0;
		};
		D75F1DF028FECA7000C04888 /* Sources */ = {
			isa = PBXSourcesBuildPhase;
			buildActionMask = 2147483647;
			files = (
				D75F1DF728FECA7000C04888 /* EssentialFeedAPIEndToEndTests.swift in Sources */,
				D75F1DFE28FEE1D400C04888 /* XCTestCase+MemoryLeakTracking.swift in Sources */,
			);
			runOnlyForDeploymentPostprocessing = 0;
		};
		E4E2F3A7291AED4900A9680D /* Sources */ = {
			isa = PBXSourcesBuildPhase;
			buildActionMask = 2147483647;
			files = (
				D79EA3F5292798BC00395F67 /* FeedPresenter.swift in Sources */,
				E4D02AC629200AC400832A3C /* FeedImageDataLoader.swift in Sources */,
				E4D02AC829200E5A00832A3C /* FeedRefreshViewController.swift in Sources */,
				E4D02AC129200A3200832A3C /* UIView+Shimmering.swift in Sources */,
				E4E2F3CC291B00D400A9680D /* FeedViewController.swift in Sources */,
				D7DAF831291BD07D0003115C /* FeedImageCell.swift in Sources */,
				E46D928F2926D20700C0BC90 /* FeedImageViewModel.swift in Sources */,
				E4D02ACA2920130900832A3C /* FeedImageCellController.swift in Sources */,
				E4D02ACD2920175000832A3C /* FeedUIComposer.swift in Sources */,
			);
			runOnlyForDeploymentPostprocessing = 0;
		};
		E4E2F3AE291AED4900A9680D /* Sources */ = {
			isa = PBXSourcesBuildPhase;
			buildActionMask = 2147483647;
			files = (
				E4E2F3C3291AF0FA00A9680D /* FeedUIIntegrationTests.swift in Sources */,
				D74F55B5292E5CB200BA385A /* FeedViewController+Localized.swift in Sources */,
				E4E2F3CA291AF5CF00A9680D /* XCTestCase+MemoryLeakTracking.swift in Sources */,
			);
			runOnlyForDeploymentPostprocessing = 0;
		};
/* End PBXSourcesBuildPhase section */

/* Begin PBXTargetDependency section */
		D70944842913BDFB00826BCD /* PBXTargetDependency */ = {
			isa = PBXTargetDependency;
			target = D7559BEE28F7FE7E001154DF /* EssentialFeed */;
			targetProxy = D70944832913BDFB00826BCD /* PBXContainerItemProxy */;
		};
		D7559BFA28F7FE7F001154DF /* PBXTargetDependency */ = {
			isa = PBXTargetDependency;
			target = D7559BEE28F7FE7E001154DF /* EssentialFeed */;
			targetProxy = D7559BF928F7FE7F001154DF /* PBXContainerItemProxy */;
		};
		D75F1DFA28FECA7000C04888 /* PBXTargetDependency */ = {
			isa = PBXTargetDependency;
			target = D7559BEE28F7FE7E001154DF /* EssentialFeed */;
			targetProxy = D75F1DF928FECA7000C04888 /* PBXContainerItemProxy */;
		};
		E4E2F3B5291AED4900A9680D /* PBXTargetDependency */ = {
			isa = PBXTargetDependency;
			target = E4E2F3AA291AED4900A9680D /* EssentialFeediOS */;
			targetProxy = E4E2F3B4291AED4900A9680D /* PBXContainerItemProxy */;
		};
		E4E2F3C8291AF52800A9680D /* PBXTargetDependency */ = {
			isa = PBXTargetDependency;
			target = D7559BEE28F7FE7E001154DF /* EssentialFeed */;
			targetProxy = E4E2F3C7291AF52800A9680D /* PBXContainerItemProxy */;
		};
/* End PBXTargetDependency section */

/* Begin XCBuildConfiguration section */
		D70944852913BDFB00826BCD /* Debug */ = {
			isa = XCBuildConfiguration;
			buildSettings = {
				CLANG_CXX_LANGUAGE_STANDARD = "gnu++20";
				CODE_SIGN_STYLE = Automatic;
				CURRENT_PROJECT_VERSION = 1;
				DEVELOPMENT_TEAM = BY2VY6JUSG;
				GENERATE_INFOPLIST_FILE = YES;
				MACOSX_DEPLOYMENT_TARGET = 12.5;
				MARKETING_VERSION = 1.0;
				PRODUCT_BUNDLE_IDENTIFIER = me.mohammadreza.EssentialFeedCacheIntegrationTests;
				PRODUCT_NAME = "$(TARGET_NAME)";
				SUPPORTED_PLATFORMS = "iphoneos iphonesimulator macosx";
				SUPPORTS_MACCATALYST = NO;
				SUPPORTS_MAC_DESIGNED_FOR_IPHONE_IPAD = NO;
				SWIFT_EMIT_LOC_STRINGS = NO;
				SWIFT_VERSION = 5.0;
				TARGETED_DEVICE_FAMILY = 1;
			};
			name = Debug;
		};
		D70944862913BDFB00826BCD /* Release */ = {
			isa = XCBuildConfiguration;
			buildSettings = {
				CLANG_CXX_LANGUAGE_STANDARD = "gnu++20";
				CODE_SIGN_STYLE = Automatic;
				CURRENT_PROJECT_VERSION = 1;
				DEVELOPMENT_TEAM = BY2VY6JUSG;
				GENERATE_INFOPLIST_FILE = YES;
				MACOSX_DEPLOYMENT_TARGET = 12.5;
				MARKETING_VERSION = 1.0;
				PRODUCT_BUNDLE_IDENTIFIER = me.mohammadreza.EssentialFeedCacheIntegrationTests;
				PRODUCT_NAME = "$(TARGET_NAME)";
				SUPPORTED_PLATFORMS = "iphoneos iphonesimulator macosx";
				SUPPORTS_MACCATALYST = NO;
				SUPPORTS_MAC_DESIGNED_FOR_IPHONE_IPAD = NO;
				SWIFT_EMIT_LOC_STRINGS = NO;
				SWIFT_VERSION = 5.0;
				TARGETED_DEVICE_FAMILY = 1;
			};
			name = Release;
		};
		D7559BFF28F7FE7F001154DF /* Debug */ = {
			isa = XCBuildConfiguration;
			buildSettings = {
				ALWAYS_SEARCH_USER_PATHS = NO;
				CLANG_ANALYZER_NONNULL = YES;
				CLANG_ANALYZER_NUMBER_OBJECT_CONVERSION = YES_AGGRESSIVE;
				CLANG_CXX_LANGUAGE_STANDARD = "gnu++17";
				CLANG_ENABLE_MODULES = YES;
				CLANG_ENABLE_OBJC_ARC = YES;
				CLANG_ENABLE_OBJC_WEAK = YES;
				CLANG_WARN_BLOCK_CAPTURE_AUTORELEASING = YES;
				CLANG_WARN_BOOL_CONVERSION = YES;
				CLANG_WARN_COMMA = YES;
				CLANG_WARN_CONSTANT_CONVERSION = YES;
				CLANG_WARN_DEPRECATED_OBJC_IMPLEMENTATIONS = YES;
				CLANG_WARN_DIRECT_OBJC_ISA_USAGE = YES_ERROR;
				CLANG_WARN_DOCUMENTATION_COMMENTS = YES;
				CLANG_WARN_EMPTY_BODY = YES;
				CLANG_WARN_ENUM_CONVERSION = YES;
				CLANG_WARN_INFINITE_RECURSION = YES;
				CLANG_WARN_INT_CONVERSION = YES;
				CLANG_WARN_NON_LITERAL_NULL_CONVERSION = YES;
				CLANG_WARN_OBJC_IMPLICIT_RETAIN_SELF = YES;
				CLANG_WARN_OBJC_LITERAL_CONVERSION = YES;
				CLANG_WARN_OBJC_ROOT_CLASS = YES_ERROR;
				CLANG_WARN_QUOTED_INCLUDE_IN_FRAMEWORK_HEADER = YES;
				CLANG_WARN_RANGE_LOOP_ANALYSIS = YES;
				CLANG_WARN_STRICT_PROTOTYPES = YES;
				CLANG_WARN_SUSPICIOUS_MOVE = YES;
				CLANG_WARN_UNGUARDED_AVAILABILITY = YES_AGGRESSIVE;
				CLANG_WARN_UNREACHABLE_CODE = YES;
				CLANG_WARN__DUPLICATE_METHOD_MATCH = YES;
				COPY_PHASE_STRIP = NO;
				CURRENT_PROJECT_VERSION = 1;
				DEAD_CODE_STRIPPING = YES;
				DEBUG_INFORMATION_FORMAT = dwarf;
				ENABLE_STRICT_OBJC_MSGSEND = YES;
				ENABLE_TESTABILITY = YES;
				GCC_C_LANGUAGE_STANDARD = gnu11;
				GCC_DYNAMIC_NO_PIC = NO;
				GCC_NO_COMMON_BLOCKS = YES;
				GCC_OPTIMIZATION_LEVEL = 0;
				GCC_PREPROCESSOR_DEFINITIONS = (
					"DEBUG=1",
					"$(inherited)",
				);
				GCC_WARN_64_TO_32_BIT_CONVERSION = YES;
				GCC_WARN_ABOUT_RETURN_TYPE = YES_ERROR;
				GCC_WARN_UNDECLARED_SELECTOR = YES;
				GCC_WARN_UNINITIALIZED_AUTOS = YES_AGGRESSIVE;
				GCC_WARN_UNUSED_FUNCTION = YES;
				GCC_WARN_UNUSED_VARIABLE = YES;
				MACOSX_DEPLOYMENT_TARGET = 12.3;
				MTL_ENABLE_DEBUG_INFO = INCLUDE_SOURCE;
				MTL_FAST_MATH = YES;
				ONLY_ACTIVE_ARCH = YES;
				SDKROOT = macosx;
				SWIFT_ACTIVE_COMPILATION_CONDITIONS = DEBUG;
				SWIFT_OPTIMIZATION_LEVEL = "-Onone";
				VERSIONING_SYSTEM = "apple-generic";
				VERSION_INFO_PREFIX = "";
			};
			name = Debug;
		};
		D7559C0028F7FE7F001154DF /* Release */ = {
			isa = XCBuildConfiguration;
			buildSettings = {
				ALWAYS_SEARCH_USER_PATHS = NO;
				CLANG_ANALYZER_NONNULL = YES;
				CLANG_ANALYZER_NUMBER_OBJECT_CONVERSION = YES_AGGRESSIVE;
				CLANG_CXX_LANGUAGE_STANDARD = "gnu++17";
				CLANG_ENABLE_MODULES = YES;
				CLANG_ENABLE_OBJC_ARC = YES;
				CLANG_ENABLE_OBJC_WEAK = YES;
				CLANG_WARN_BLOCK_CAPTURE_AUTORELEASING = YES;
				CLANG_WARN_BOOL_CONVERSION = YES;
				CLANG_WARN_COMMA = YES;
				CLANG_WARN_CONSTANT_CONVERSION = YES;
				CLANG_WARN_DEPRECATED_OBJC_IMPLEMENTATIONS = YES;
				CLANG_WARN_DIRECT_OBJC_ISA_USAGE = YES_ERROR;
				CLANG_WARN_DOCUMENTATION_COMMENTS = YES;
				CLANG_WARN_EMPTY_BODY = YES;
				CLANG_WARN_ENUM_CONVERSION = YES;
				CLANG_WARN_INFINITE_RECURSION = YES;
				CLANG_WARN_INT_CONVERSION = YES;
				CLANG_WARN_NON_LITERAL_NULL_CONVERSION = YES;
				CLANG_WARN_OBJC_IMPLICIT_RETAIN_SELF = YES;
				CLANG_WARN_OBJC_LITERAL_CONVERSION = YES;
				CLANG_WARN_OBJC_ROOT_CLASS = YES_ERROR;
				CLANG_WARN_QUOTED_INCLUDE_IN_FRAMEWORK_HEADER = YES;
				CLANG_WARN_RANGE_LOOP_ANALYSIS = YES;
				CLANG_WARN_STRICT_PROTOTYPES = YES;
				CLANG_WARN_SUSPICIOUS_MOVE = YES;
				CLANG_WARN_UNGUARDED_AVAILABILITY = YES_AGGRESSIVE;
				CLANG_WARN_UNREACHABLE_CODE = YES;
				CLANG_WARN__DUPLICATE_METHOD_MATCH = YES;
				COPY_PHASE_STRIP = NO;
				CURRENT_PROJECT_VERSION = 1;
				DEAD_CODE_STRIPPING = YES;
				DEBUG_INFORMATION_FORMAT = "dwarf-with-dsym";
				ENABLE_NS_ASSERTIONS = NO;
				ENABLE_STRICT_OBJC_MSGSEND = YES;
				GCC_C_LANGUAGE_STANDARD = gnu11;
				GCC_NO_COMMON_BLOCKS = YES;
				GCC_WARN_64_TO_32_BIT_CONVERSION = YES;
				GCC_WARN_ABOUT_RETURN_TYPE = YES_ERROR;
				GCC_WARN_UNDECLARED_SELECTOR = YES;
				GCC_WARN_UNINITIALIZED_AUTOS = YES_AGGRESSIVE;
				GCC_WARN_UNUSED_FUNCTION = YES;
				GCC_WARN_UNUSED_VARIABLE = YES;
				MACOSX_DEPLOYMENT_TARGET = 12.3;
				MTL_ENABLE_DEBUG_INFO = NO;
				MTL_FAST_MATH = YES;
				SDKROOT = macosx;
				SWIFT_COMPILATION_MODE = wholemodule;
				SWIFT_OPTIMIZATION_LEVEL = "-O";
				VERSIONING_SYSTEM = "apple-generic";
				VERSION_INFO_PREFIX = "";
			};
			name = Release;
		};
		D7559C0228F7FE7F001154DF /* Debug */ = {
			isa = XCBuildConfiguration;
			buildSettings = {
				CLANG_ENABLE_MODULES = YES;
				CODE_SIGN_STYLE = Automatic;
				COMBINE_HIDPI_IMAGES = YES;
				CURRENT_PROJECT_VERSION = 1;
				DEAD_CODE_STRIPPING = YES;
				DEFINES_MODULE = YES;
				DEVELOPMENT_TEAM = BY2VY6JUSG;
				DYLIB_COMPATIBILITY_VERSION = 1;
				DYLIB_CURRENT_VERSION = 1;
				DYLIB_INSTALL_NAME_BASE = "@rpath";
				GENERATE_INFOPLIST_FILE = YES;
				INFOPLIST_KEY_NSHumanReadableCopyright = "";
				INSTALL_PATH = "$(LOCAL_LIBRARY_DIR)/Frameworks";
				LD_RUNPATH_SEARCH_PATHS = (
					"$(inherited)",
					"@executable_path/../Frameworks",
					"@loader_path/Frameworks",
				);
				MARKETING_VERSION = 1.0;
				PRODUCT_BUNDLE_IDENTIFIER = me.mohammadreza.EssentialFeed;
				PRODUCT_NAME = "$(TARGET_NAME:c99extidentifier)";
				SKIP_INSTALL = YES;
				SUPPORTED_PLATFORMS = "macosx iphoneos iphonesimulator";
				SWIFT_EMIT_LOC_STRINGS = YES;
				SWIFT_OPTIMIZATION_LEVEL = "-Onone";
				SWIFT_VERSION = 5.0;
			};
			name = Debug;
		};
		D7559C0328F7FE7F001154DF /* Release */ = {
			isa = XCBuildConfiguration;
			buildSettings = {
				CLANG_ENABLE_MODULES = YES;
				CODE_SIGN_STYLE = Automatic;
				COMBINE_HIDPI_IMAGES = YES;
				CURRENT_PROJECT_VERSION = 1;
				DEAD_CODE_STRIPPING = YES;
				DEFINES_MODULE = YES;
				DEVELOPMENT_TEAM = BY2VY6JUSG;
				DYLIB_COMPATIBILITY_VERSION = 1;
				DYLIB_CURRENT_VERSION = 1;
				DYLIB_INSTALL_NAME_BASE = "@rpath";
				GENERATE_INFOPLIST_FILE = YES;
				INFOPLIST_KEY_NSHumanReadableCopyright = "";
				INSTALL_PATH = "$(LOCAL_LIBRARY_DIR)/Frameworks";
				LD_RUNPATH_SEARCH_PATHS = (
					"$(inherited)",
					"@executable_path/../Frameworks",
					"@loader_path/Frameworks",
				);
				MARKETING_VERSION = 1.0;
				PRODUCT_BUNDLE_IDENTIFIER = me.mohammadreza.EssentialFeed;
				PRODUCT_NAME = "$(TARGET_NAME:c99extidentifier)";
				SKIP_INSTALL = YES;
				SUPPORTED_PLATFORMS = "macosx iphoneos iphonesimulator";
				SWIFT_EMIT_LOC_STRINGS = YES;
				SWIFT_VERSION = 5.0;
			};
			name = Release;
		};
		D7559C0528F7FE7F001154DF /* Debug */ = {
			isa = XCBuildConfiguration;
			buildSettings = {
				ALWAYS_EMBED_SWIFT_STANDARD_LIBRARIES = YES;
				CODE_SIGN_STYLE = Automatic;
				CURRENT_PROJECT_VERSION = 1;
				DEAD_CODE_STRIPPING = YES;
				DEVELOPMENT_TEAM = BY2VY6JUSG;
				GENERATE_INFOPLIST_FILE = YES;
				MARKETING_VERSION = 1.0;
				PRODUCT_BUNDLE_IDENTIFIER = me.mohammadreza.EssentialFeedTests;
				PRODUCT_NAME = "$(TARGET_NAME)";
				SUPPORTED_PLATFORMS = "macosx iphoneos iphonesimulator";
				SWIFT_EMIT_LOC_STRINGS = NO;
				SWIFT_VERSION = 5.0;
			};
			name = Debug;
		};
		D7559C0628F7FE7F001154DF /* Release */ = {
			isa = XCBuildConfiguration;
			buildSettings = {
				ALWAYS_EMBED_SWIFT_STANDARD_LIBRARIES = YES;
				CODE_SIGN_STYLE = Automatic;
				CURRENT_PROJECT_VERSION = 1;
				DEAD_CODE_STRIPPING = YES;
				DEVELOPMENT_TEAM = BY2VY6JUSG;
				GENERATE_INFOPLIST_FILE = YES;
				MARKETING_VERSION = 1.0;
				PRODUCT_BUNDLE_IDENTIFIER = me.mohammadreza.EssentialFeedTests;
				PRODUCT_NAME = "$(TARGET_NAME)";
				SUPPORTED_PLATFORMS = "macosx iphoneos iphonesimulator";
				SWIFT_EMIT_LOC_STRINGS = NO;
				SWIFT_VERSION = 5.0;
			};
			name = Release;
		};
		D75F1DFC28FECA7000C04888 /* Debug */ = {
			isa = XCBuildConfiguration;
			buildSettings = {
				CLANG_CXX_LANGUAGE_STANDARD = "gnu++20";
				CODE_SIGN_STYLE = Automatic;
				CURRENT_PROJECT_VERSION = 1;
				DEAD_CODE_STRIPPING = YES;
				DEVELOPMENT_TEAM = BY2VY6JUSG;
				GENERATE_INFOPLIST_FILE = YES;
				MACOSX_DEPLOYMENT_TARGET = 12.5;
				MARKETING_VERSION = 1.0;
				PRODUCT_BUNDLE_IDENTIFIER = me.mohammadreza.EssentialFeedAPIEndToEndTests;
				PRODUCT_NAME = "$(TARGET_NAME)";
				SUPPORTED_PLATFORMS = "macosx iphoneos iphonesimulator";
				SWIFT_EMIT_LOC_STRINGS = NO;
				SWIFT_VERSION = 5.0;
			};
			name = Debug;
		};
		D75F1DFD28FECA7000C04888 /* Release */ = {
			isa = XCBuildConfiguration;
			buildSettings = {
				CLANG_CXX_LANGUAGE_STANDARD = "gnu++20";
				CODE_SIGN_STYLE = Automatic;
				CURRENT_PROJECT_VERSION = 1;
				DEAD_CODE_STRIPPING = YES;
				DEVELOPMENT_TEAM = BY2VY6JUSG;
				GENERATE_INFOPLIST_FILE = YES;
				MACOSX_DEPLOYMENT_TARGET = 12.5;
				MARKETING_VERSION = 1.0;
				PRODUCT_BUNDLE_IDENTIFIER = me.mohammadreza.EssentialFeedAPIEndToEndTests;
				PRODUCT_NAME = "$(TARGET_NAME)";
				SUPPORTED_PLATFORMS = "macosx iphoneos iphonesimulator";
				SWIFT_EMIT_LOC_STRINGS = NO;
				SWIFT_VERSION = 5.0;
			};
			name = Release;
		};
		E4E2F3BA291AED4A00A9680D /* Debug */ = {
			isa = XCBuildConfiguration;
			buildSettings = {
				CLANG_CXX_LANGUAGE_STANDARD = "gnu++20";
				CLANG_ENABLE_MODULES = YES;
				CODE_SIGN_STYLE = Automatic;
				CURRENT_PROJECT_VERSION = 1;
				DEFINES_MODULE = YES;
				DEVELOPMENT_TEAM = BY2VY6JUSG;
				DYLIB_COMPATIBILITY_VERSION = 1;
				DYLIB_CURRENT_VERSION = 1;
				DYLIB_INSTALL_NAME_BASE = "@rpath";
				GENERATE_INFOPLIST_FILE = YES;
				INFOPLIST_KEY_NSHumanReadableCopyright = "";
				INSTALL_PATH = "$(LOCAL_LIBRARY_DIR)/Frameworks";
				IPHONEOS_DEPLOYMENT_TARGET = 16.1;
				LD_RUNPATH_SEARCH_PATHS = (
					"$(inherited)",
					"@executable_path/Frameworks",
					"@loader_path/Frameworks",
				);
				MARKETING_VERSION = 1.0;
				PRODUCT_BUNDLE_IDENTIFIER = me.mohammadreza.EssentialFeediOS;
				PRODUCT_NAME = "$(TARGET_NAME:c99extidentifier)";
				SDKROOT = iphoneos;
				SKIP_INSTALL = YES;
				SUPPORTED_PLATFORMS = "iphoneos iphonesimulator";
				SUPPORTS_MACCATALYST = NO;
				SUPPORTS_MAC_DESIGNED_FOR_IPHONE_IPAD = NO;
				SWIFT_EMIT_LOC_STRINGS = YES;
				SWIFT_OPTIMIZATION_LEVEL = "-Onone";
				SWIFT_VERSION = 5.0;
				TARGETED_DEVICE_FAMILY = "1,2";
			};
			name = Debug;
		};
		E4E2F3BB291AED4A00A9680D /* Release */ = {
			isa = XCBuildConfiguration;
			buildSettings = {
				CLANG_CXX_LANGUAGE_STANDARD = "gnu++20";
				CLANG_ENABLE_MODULES = YES;
				CODE_SIGN_STYLE = Automatic;
				CURRENT_PROJECT_VERSION = 1;
				DEFINES_MODULE = YES;
				DEVELOPMENT_TEAM = BY2VY6JUSG;
				DYLIB_COMPATIBILITY_VERSION = 1;
				DYLIB_CURRENT_VERSION = 1;
				DYLIB_INSTALL_NAME_BASE = "@rpath";
				GENERATE_INFOPLIST_FILE = YES;
				INFOPLIST_KEY_NSHumanReadableCopyright = "";
				INSTALL_PATH = "$(LOCAL_LIBRARY_DIR)/Frameworks";
				IPHONEOS_DEPLOYMENT_TARGET = 16.1;
				LD_RUNPATH_SEARCH_PATHS = (
					"$(inherited)",
					"@executable_path/Frameworks",
					"@loader_path/Frameworks",
				);
				MARKETING_VERSION = 1.0;
				PRODUCT_BUNDLE_IDENTIFIER = me.mohammadreza.EssentialFeediOS;
				PRODUCT_NAME = "$(TARGET_NAME:c99extidentifier)";
				SDKROOT = iphoneos;
				SKIP_INSTALL = YES;
				SUPPORTED_PLATFORMS = "iphoneos iphonesimulator";
				SUPPORTS_MACCATALYST = NO;
				SUPPORTS_MAC_DESIGNED_FOR_IPHONE_IPAD = NO;
				SWIFT_EMIT_LOC_STRINGS = YES;
				SWIFT_VERSION = 5.0;
				TARGETED_DEVICE_FAMILY = "1,2";
				VALIDATE_PRODUCT = YES;
			};
			name = Release;
		};
		E4E2F3BC291AED4A00A9680D /* Debug */ = {
			isa = XCBuildConfiguration;
			buildSettings = {
				ALWAYS_EMBED_SWIFT_STANDARD_LIBRARIES = YES;
				CLANG_CXX_LANGUAGE_STANDARD = "gnu++20";
				CLANG_ENABLE_MODULES = YES;
				CODE_SIGN_STYLE = Automatic;
				CURRENT_PROJECT_VERSION = 1;
				DEVELOPMENT_TEAM = BY2VY6JUSG;
				GENERATE_INFOPLIST_FILE = YES;
				IPHONEOS_DEPLOYMENT_TARGET = 16.1;
				LD_RUNPATH_SEARCH_PATHS = (
					"$(inherited)",
					"@executable_path/Frameworks",
					"@loader_path/Frameworks",
				);
				MARKETING_VERSION = 1.0;
				PRODUCT_BUNDLE_IDENTIFIER = me.mohammadreza.EssentialFeediOSTests;
				PRODUCT_NAME = "$(TARGET_NAME)";
				SDKROOT = iphoneos;
				SUPPORTED_PLATFORMS = "iphoneos iphonesimulator";
				SUPPORTS_MACCATALYST = NO;
				SUPPORTS_MAC_DESIGNED_FOR_IPHONE_IPAD = NO;
				SWIFT_EMIT_LOC_STRINGS = NO;
				SWIFT_OPTIMIZATION_LEVEL = "-Onone";
				SWIFT_VERSION = 5.0;
				TARGETED_DEVICE_FAMILY = "1,2";
			};
			name = Debug;
		};
		E4E2F3BD291AED4A00A9680D /* Release */ = {
			isa = XCBuildConfiguration;
			buildSettings = {
				ALWAYS_EMBED_SWIFT_STANDARD_LIBRARIES = YES;
				CLANG_CXX_LANGUAGE_STANDARD = "gnu++20";
				CLANG_ENABLE_MODULES = YES;
				CODE_SIGN_STYLE = Automatic;
				CURRENT_PROJECT_VERSION = 1;
				DEVELOPMENT_TEAM = BY2VY6JUSG;
				GENERATE_INFOPLIST_FILE = YES;
				IPHONEOS_DEPLOYMENT_TARGET = 16.1;
				LD_RUNPATH_SEARCH_PATHS = (
					"$(inherited)",
					"@executable_path/Frameworks",
					"@loader_path/Frameworks",
				);
				MARKETING_VERSION = 1.0;
				PRODUCT_BUNDLE_IDENTIFIER = me.mohammadreza.EssentialFeediOSTests;
				PRODUCT_NAME = "$(TARGET_NAME)";
				SDKROOT = iphoneos;
				SUPPORTED_PLATFORMS = "iphoneos iphonesimulator";
				SUPPORTS_MACCATALYST = NO;
				SUPPORTS_MAC_DESIGNED_FOR_IPHONE_IPAD = NO;
				SWIFT_EMIT_LOC_STRINGS = NO;
				SWIFT_VERSION = 5.0;
				TARGETED_DEVICE_FAMILY = "1,2";
				VALIDATE_PRODUCT = YES;
			};
			name = Release;
		};
/* End XCBuildConfiguration section */

/* Begin XCConfigurationList section */
		D70944872913BDFB00826BCD /* Build configuration list for PBXNativeTarget "EssentialFeedCacheIntegrationTests" */ = {
			isa = XCConfigurationList;
			buildConfigurations = (
				D70944852913BDFB00826BCD /* Debug */,
				D70944862913BDFB00826BCD /* Release */,
			);
			defaultConfigurationIsVisible = 0;
			defaultConfigurationName = Release;
		};
		D7559BE928F7FE7E001154DF /* Build configuration list for PBXProject "EssentialFeed" */ = {
			isa = XCConfigurationList;
			buildConfigurations = (
				D7559BFF28F7FE7F001154DF /* Debug */,
				D7559C0028F7FE7F001154DF /* Release */,
			);
			defaultConfigurationIsVisible = 0;
			defaultConfigurationName = Release;
		};
		D7559C0128F7FE7F001154DF /* Build configuration list for PBXNativeTarget "EssentialFeed" */ = {
			isa = XCConfigurationList;
			buildConfigurations = (
				D7559C0228F7FE7F001154DF /* Debug */,
				D7559C0328F7FE7F001154DF /* Release */,
			);
			defaultConfigurationIsVisible = 0;
			defaultConfigurationName = Release;
		};
		D7559C0428F7FE7F001154DF /* Build configuration list for PBXNativeTarget "EssentialFeedTests" */ = {
			isa = XCConfigurationList;
			buildConfigurations = (
				D7559C0528F7FE7F001154DF /* Debug */,
				D7559C0628F7FE7F001154DF /* Release */,
			);
			defaultConfigurationIsVisible = 0;
			defaultConfigurationName = Release;
		};
		D75F1DFB28FECA7000C04888 /* Build configuration list for PBXNativeTarget "EssentialFeedAPIEndToEndTests" */ = {
			isa = XCConfigurationList;
			buildConfigurations = (
				D75F1DFC28FECA7000C04888 /* Debug */,
				D75F1DFD28FECA7000C04888 /* Release */,
			);
			defaultConfigurationIsVisible = 0;
			defaultConfigurationName = Release;
		};
		E4E2F3BE291AED4A00A9680D /* Build configuration list for PBXNativeTarget "EssentialFeediOS" */ = {
			isa = XCConfigurationList;
			buildConfigurations = (
				E4E2F3BA291AED4A00A9680D /* Debug */,
				E4E2F3BB291AED4A00A9680D /* Release */,
			);
			defaultConfigurationIsVisible = 0;
			defaultConfigurationName = Release;
		};
		E4E2F3BF291AED4A00A9680D /* Build configuration list for PBXNativeTarget "EssentialFeediOSTests" */ = {
			isa = XCConfigurationList;
			buildConfigurations = (
				E4E2F3BC291AED4A00A9680D /* Debug */,
				E4E2F3BD291AED4A00A9680D /* Release */,
			);
			defaultConfigurationIsVisible = 0;
			defaultConfigurationName = Release;
		};
/* End XCConfigurationList section */

/* Begin XCVersionGroup section */
		D70944A52913D71300826BCD /* FeedStore.xcdatamodeld */ = {
			isa = XCVersionGroup;
			children = (
				D70944A62913D71300826BCD /* FeedStore.xcdatamodel */,
			);
			currentVersion = D70944A62913D71300826BCD /* FeedStore.xcdatamodel */;
			path = FeedStore.xcdatamodeld;
			sourceTree = "<group>";
			versionGroupType = wrapper.xcdatamodel;
		};
/* End XCVersionGroup section */
	};
	rootObject = D7559BE628F7FE7E001154DF /* Project object */;
}
