// !$*UTF8*$!
{
	archiveVersion = 1;
	classes = {
	};
	objectVersion = 55;
	objects = {

/* Begin PBXBuildFile section */
		D705730B28F9880500B549BF /* HTTPClient.swift in Sources */ = {isa = PBXBuildFile; fileRef = D705730A28F9880500B549BF /* HTTPClient.swift */; };
		D705730D28F9882400B549BF /* FeedItemsMapper.swift in Sources */ = {isa = PBXBuildFile; fileRef = D705730C28F9882400B549BF /* FeedItemsMapper.swift */; };
		D734DA0828F80C860092A4B7 /* RemoteFeedLoaderTests.swift in Sources */ = {isa = PBXBuildFile; fileRef = D734DA0728F80C860092A4B7 /* RemoteFeedLoaderTests.swift */; };
		D734DA0B28F8153B0092A4B7 /* RemoteFeedLoader.swift in Sources */ = {isa = PBXBuildFile; fileRef = D734DA0A28F8153B0092A4B7 /* RemoteFeedLoader.swift */; };
		D7559BF828F7FE7F001154DF /* EssentialFeed.framework in Frameworks */ = {isa = PBXBuildFile; fileRef = D7559BEF28F7FE7E001154DF /* EssentialFeed.framework */; };
		D7559C0828F7FEB5001154DF /* FeedItem.swift in Sources */ = {isa = PBXBuildFile; fileRef = D7559C0728F7FEB5001154DF /* FeedItem.swift */; };
		D7559C0A28F7FFEC001154DF /* FeedLoader.swift in Sources */ = {isa = PBXBuildFile; fileRef = D7559C0928F7FFEC001154DF /* FeedLoader.swift */; };
		D75F1DEF28FE9BA000C04888 /* URLSessionHTTPClient.swift in Sources */ = {isa = PBXBuildFile; fileRef = D75F1DEE28FE9BA000C04888 /* URLSessionHTTPClient.swift */; };
		D75F1DF728FECA7000C04888 /* EssentialFeedAPIEndToEndTests.swift in Sources */ = {isa = PBXBuildFile; fileRef = D75F1DF628FECA7000C04888 /* EssentialFeedAPIEndToEndTests.swift */; };
		D75F1DF828FECA7000C04888 /* EssentialFeed.framework in Frameworks */ = {isa = PBXBuildFile; fileRef = D7559BEF28F7FE7E001154DF /* EssentialFeed.framework */; };
		D75F1DFE28FEE1D400C04888 /* XCTestCase+MemoryLeakTracking.swift in Sources */ = {isa = PBXBuildFile; fileRef = D77A4E1228FD8A1900128911 /* XCTestCase+MemoryLeakTracking.swift */; };
		D77A4E1028FD52E400128911 /* URLSessionHTTPClientTests.swift in Sources */ = {isa = PBXBuildFile; fileRef = D77A4E0F28FD52E400128911 /* URLSessionHTTPClientTests.swift */; };
		D77A4E1328FD8A1900128911 /* XCTestCase+MemoryLeakTracking.swift in Sources */ = {isa = PBXBuildFile; fileRef = D77A4E1228FD8A1900128911 /* XCTestCase+MemoryLeakTracking.swift */; };
		D7D74DC32907FC090010B134 /* CacheFeedUseCaseTest.swift in Sources */ = {isa = PBXBuildFile; fileRef = D7D74DC22907FC090010B134 /* CacheFeedUseCaseTest.swift */; };
/* End PBXBuildFile section */

/* Begin PBXContainerItemProxy section */
		D7559BF928F7FE7F001154DF /* PBXContainerItemProxy */ = {
			isa = PBXContainerItemProxy;
			containerPortal = D7559BE628F7FE7E001154DF /* Project object */;
			proxyType = 1;
			remoteGlobalIDString = D7559BEE28F7FE7E001154DF;
			remoteInfo = EssentialFeed;
		};
		D75F1DF928FECA7000C04888 /* PBXContainerItemProxy */ = {
			isa = PBXContainerItemProxy;
			containerPortal = D7559BE628F7FE7E001154DF /* Project object */;
			proxyType = 1;
			remoteGlobalIDString = D7559BEE28F7FE7E001154DF;
			remoteInfo = EssentialFeed;
		};
/* End PBXContainerItemProxy section */

/* Begin PBXFileReference section */
		D705730A28F9880500B549BF /* HTTPClient.swift */ = {isa = PBXFileReference; lastKnownFileType = sourcecode.swift; path = HTTPClient.swift; sourceTree = "<group>"; };
		D705730C28F9882400B549BF /* FeedItemsMapper.swift */ = {isa = PBXFileReference; lastKnownFileType = sourcecode.swift; path = FeedItemsMapper.swift; sourceTree = "<group>"; };
		D734DA0728F80C860092A4B7 /* RemoteFeedLoaderTests.swift */ = {isa = PBXFileReference; lastKnownFileType = sourcecode.swift; path = RemoteFeedLoaderTests.swift; sourceTree = "<group>"; };
		D734DA0A28F8153B0092A4B7 /* RemoteFeedLoader.swift */ = {isa = PBXFileReference; lastKnownFileType = sourcecode.swift; path = RemoteFeedLoader.swift; sourceTree = "<group>"; };
		D7559BEF28F7FE7E001154DF /* EssentialFeed.framework */ = {isa = PBXFileReference; explicitFileType = wrapper.framework; includeInIndex = 0; path = EssentialFeed.framework; sourceTree = BUILT_PRODUCTS_DIR; };
		D7559BF728F7FE7F001154DF /* EssentialFeedTests.xctest */ = {isa = PBXFileReference; explicitFileType = wrapper.cfbundle; includeInIndex = 0; path = EssentialFeedTests.xctest; sourceTree = BUILT_PRODUCTS_DIR; };
		D7559C0728F7FEB5001154DF /* FeedItem.swift */ = {isa = PBXFileReference; lastKnownFileType = sourcecode.swift; path = FeedItem.swift; sourceTree = "<group>"; };
		D7559C0928F7FFEC001154DF /* FeedLoader.swift */ = {isa = PBXFileReference; lastKnownFileType = sourcecode.swift; path = FeedLoader.swift; sourceTree = "<group>"; };
		D75F1DEE28FE9BA000C04888 /* URLSessionHTTPClient.swift */ = {isa = PBXFileReference; lastKnownFileType = sourcecode.swift; path = URLSessionHTTPClient.swift; sourceTree = "<group>"; };
		D75F1DF428FECA7000C04888 /* EssentialFeedAPIEndToEndTests.xctest */ = {isa = PBXFileReference; explicitFileType = wrapper.cfbundle; includeInIndex = 0; path = EssentialFeedAPIEndToEndTests.xctest; sourceTree = BUILT_PRODUCTS_DIR; };
		D75F1DF628FECA7000C04888 /* EssentialFeedAPIEndToEndTests.swift */ = {isa = PBXFileReference; lastKnownFileType = sourcecode.swift; path = EssentialFeedAPIEndToEndTests.swift; sourceTree = "<group>"; };
		D77A4E0F28FD52E400128911 /* URLSessionHTTPClientTests.swift */ = {isa = PBXFileReference; lastKnownFileType = sourcecode.swift; path = URLSessionHTTPClientTests.swift; sourceTree = "<group>"; };
		D77A4E1228FD8A1900128911 /* XCTestCase+MemoryLeakTracking.swift */ = {isa = PBXFileReference; lastKnownFileType = sourcecode.swift; path = "XCTestCase+MemoryLeakTracking.swift"; sourceTree = "<group>"; };
		D7D74DC22907FC090010B134 /* CacheFeedUseCaseTest.swift */ = {isa = PBXFileReference; lastKnownFileType = sourcecode.swift; path = CacheFeedUseCaseTest.swift; sourceTree = "<group>"; };
/* End PBXFileReference section */

/* Begin PBXFrameworksBuildPhase section */
		D7559BEC28F7FE7E001154DF /* Frameworks */ = {
			isa = PBXFrameworksBuildPhase;
			buildActionMask = 2147483647;
			files = (
			);
			runOnlyForDeploymentPostprocessing = 0;
		};
		D7559BF428F7FE7F001154DF /* Frameworks */ = {
			isa = PBXFrameworksBuildPhase;
			buildActionMask = 2147483647;
			files = (
				D7559BF828F7FE7F001154DF /* EssentialFeed.framework in Frameworks */,
			);
			runOnlyForDeploymentPostprocessing = 0;
		};
		D75F1DF128FECA7000C04888 /* Frameworks */ = {
			isa = PBXFrameworksBuildPhase;
			buildActionMask = 2147483647;
			files = (
				D75F1DF828FECA7000C04888 /* EssentialFeed.framework in Frameworks */,
			);
			runOnlyForDeploymentPostprocessing = 0;
		};
/* End PBXFrameworksBuildPhase section */

/* Begin PBXGroup section */
		D734DA0928F815120092A4B7 /* Feed API */ = {
			isa = PBXGroup;
			children = (
				D734DA0A28F8153B0092A4B7 /* RemoteFeedLoader.swift */,
				D705730A28F9880500B549BF /* HTTPClient.swift */,
				D705730C28F9882400B549BF /* FeedItemsMapper.swift */,
				D75F1DEE28FE9BA000C04888 /* URLSessionHTTPClient.swift */,
			);
			path = "Feed API";
			sourceTree = "<group>";
		};
		D7559BE528F7FE7E001154DF = {
			isa = PBXGroup;
			children = (
				D7559BF128F7FE7E001154DF /* EssentialFeed */,
				D7559BFB28F7FE7F001154DF /* EssentialFeedTests */,
				D75F1DF528FECA7000C04888 /* EssentialFeedAPIEndToEndTests */,
				D7559BF028F7FE7E001154DF /* Products */,
			);
			sourceTree = "<group>";
		};
		D7559BF028F7FE7E001154DF /* Products */ = {
			isa = PBXGroup;
			children = (
				D7559BEF28F7FE7E001154DF /* EssentialFeed.framework */,
				D7559BF728F7FE7F001154DF /* EssentialFeedTests.xctest */,
				D75F1DF428FECA7000C04888 /* EssentialFeedAPIEndToEndTests.xctest */,
			);
			name = Products;
			sourceTree = "<group>";
		};
		D7559BF128F7FE7E001154DF /* EssentialFeed */ = {
			isa = PBXGroup;
			children = (
				D734DA0928F815120092A4B7 /* Feed API */,
				D7559C0D28F80110001154DF /* Feed Feature */,
			);
			path = EssentialFeed;
			sourceTree = "<group>";
		};
		D7559BFB28F7FE7F001154DF /* EssentialFeedTests */ = {
			isa = PBXGroup;
			children = (
				D7D74DC12907F95E0010B134 /* Feed Cache */,
				D77A4E0E28FD52B900128911 /* Feed API */,
			);
			path = EssentialFeedTests;
			sourceTree = "<group>";
		};
		D7559C0D28F80110001154DF /* Feed Feature */ = {
			isa = PBXGroup;
			children = (
				D7559C0728F7FEB5001154DF /* FeedItem.swift */,
				D7559C0928F7FFEC001154DF /* FeedLoader.swift */,
			);
			path = "Feed Feature";
			sourceTree = "<group>";
		};
		D75F1DF528FECA7000C04888 /* EssentialFeedAPIEndToEndTests */ = {
			isa = PBXGroup;
			children = (
				D75F1DF628FECA7000C04888 /* EssentialFeedAPIEndToEndTests.swift */,
			);
			path = EssentialFeedAPIEndToEndTests;
			sourceTree = "<group>";
		};
		D77A4E0E28FD52B900128911 /* Feed API */ = {
			isa = PBXGroup;
			children = (
				D77A4E1128FD89EE00128911 /* Helpers */,
				D734DA0728F80C860092A4B7 /* RemoteFeedLoaderTests.swift */,
				D77A4E0F28FD52E400128911 /* URLSessionHTTPClientTests.swift */,
			);
			path = "Feed API";
			sourceTree = "<group>";
		};
		D77A4E1128FD89EE00128911 /* Helpers */ = {
			isa = PBXGroup;
			children = (
				D77A4E1228FD8A1900128911 /* XCTestCase+MemoryLeakTracking.swift */,
			);
			path = Helpers;
			sourceTree = "<group>";
		};
		D7D74DC12907F95E0010B134 /* Feed Cache */ = {
			isa = PBXGroup;
			children = (
				D7D74DC22907FC090010B134 /* CacheFeedUseCaseTest.swift */,
			);
			path = "Feed Cache";
			sourceTree = "<group>";
		};
/* End PBXGroup section */

/* Begin PBXHeadersBuildPhase section */
		D7559BEA28F7FE7E001154DF /* Headers */ = {
			isa = PBXHeadersBuildPhase;
			buildActionMask = 2147483647;
			files = (
			);
			runOnlyForDeploymentPostprocessing = 0;
		};
/* End PBXHeadersBuildPhase section */

/* Begin PBXNativeTarget section */
		D7559BEE28F7FE7E001154DF /* EssentialFeed */ = {
			isa = PBXNativeTarget;
			buildConfigurationList = D7559C0128F7FE7F001154DF /* Build configuration list for PBXNativeTarget "EssentialFeed" */;
			buildPhases = (
				D7559BEA28F7FE7E001154DF /* Headers */,
				D7559BEB28F7FE7E001154DF /* Sources */,
				D7559BEC28F7FE7E001154DF /* Frameworks */,
				D7559BED28F7FE7E001154DF /* Resources */,
			);
			buildRules = (
			);
			dependencies = (
			);
			name = EssentialFeed;
			productName = EssentialFeed;
			productReference = D7559BEF28F7FE7E001154DF /* EssentialFeed.framework */;
			productType = "com.apple.product-type.framework";
		};
		D7559BF628F7FE7F001154DF /* EssentialFeedTests */ = {
			isa = PBXNativeTarget;
			buildConfigurationList = D7559C0428F7FE7F001154DF /* Build configuration list for PBXNativeTarget "EssentialFeedTests" */;
			buildPhases = (
				D7559BF328F7FE7F001154DF /* Sources */,
				D7559BF428F7FE7F001154DF /* Frameworks */,
				D7559BF528F7FE7F001154DF /* Resources */,
			);
			buildRules = (
			);
			dependencies = (
				D7559BFA28F7FE7F001154DF /* PBXTargetDependency */,
			);
			name = EssentialFeedTests;
			productName = EssentialFeedTests;
			productReference = D7559BF728F7FE7F001154DF /* EssentialFeedTests.xctest */;
			productType = "com.apple.product-type.bundle.unit-test";
		};
		D75F1DF328FECA7000C04888 /* EssentialFeedAPIEndToEndTests */ = {
			isa = PBXNativeTarget;
			buildConfigurationList = D75F1DFB28FECA7000C04888 /* Build configuration list for PBXNativeTarget "EssentialFeedAPIEndToEndTests" */;
			buildPhases = (
				D75F1DF028FECA7000C04888 /* Sources */,
				D75F1DF128FECA7000C04888 /* Frameworks */,
				D75F1DF228FECA7000C04888 /* Resources */,
			);
			buildRules = (
			);
			dependencies = (
				D75F1DFA28FECA7000C04888 /* PBXTargetDependency */,
			);
			name = EssentialFeedAPIEndToEndTests;
			productName = EssentialFeedAPIEndToEndTests;
			productReference = D75F1DF428FECA7000C04888 /* EssentialFeedAPIEndToEndTests.xctest */;
			productType = "com.apple.product-type.bundle.unit-test";
		};
/* End PBXNativeTarget section */

/* Begin PBXProject section */
		D7559BE628F7FE7E001154DF /* Project object */ = {
			isa = PBXProject;
			attributes = {
				BuildIndependentTargetsInParallel = 1;
				LastSwiftUpdateCheck = 1410;
				LastUpgradeCheck = 1340;
				TargetAttributes = {
					D7559BEE28F7FE7E001154DF = {
						CreatedOnToolsVersion = 13.4.1;
						LastSwiftMigration = 1340;
					};
					D7559BF628F7FE7F001154DF = {
						CreatedOnToolsVersion = 13.4.1;
					};
					D75F1DF328FECA7000C04888 = {
						CreatedOnToolsVersion = 14.1;
					};
				};
			};
			buildConfigurationList = D7559BE928F7FE7E001154DF /* Build configuration list for PBXProject "EssentialFeed" */;
			compatibilityVersion = "Xcode 13.0";
			developmentRegion = en;
			hasScannedForEncodings = 0;
			knownRegions = (
				en,
				Base,
			);
			mainGroup = D7559BE528F7FE7E001154DF;
			productRefGroup = D7559BF028F7FE7E001154DF /* Products */;
			projectDirPath = "";
			projectRoot = "";
			targets = (
				D7559BEE28F7FE7E001154DF /* EssentialFeed */,
				D7559BF628F7FE7F001154DF /* EssentialFeedTests */,
				D75F1DF328FECA7000C04888 /* EssentialFeedAPIEndToEndTests */,
			);
		};
/* End PBXProject section */

/* Begin PBXResourcesBuildPhase section */
		D7559BED28F7FE7E001154DF /* Resources */ = {
			isa = PBXResourcesBuildPhase;
			buildActionMask = 2147483647;
			files = (
			);
			runOnlyForDeploymentPostprocessing = 0;
		};
		D7559BF528F7FE7F001154DF /* Resources */ = {
			isa = PBXResourcesBuildPhase;
			buildActionMask = 2147483647;
			files = (
			);
			runOnlyForDeploymentPostprocessing = 0;
		};
		D75F1DF228FECA7000C04888 /* Resources */ = {
			isa = PBXResourcesBuildPhase;
			buildActionMask = 2147483647;
			files = (
			);
			runOnlyForDeploymentPostprocessing = 0;
		};
/* End PBXResourcesBuildPhase section */

/* Begin PBXSourcesBuildPhase section */
		D7559BEB28F7FE7E001154DF /* Sources */ = {
			isa = PBXSourcesBuildPhase;
			buildActionMask = 2147483647;
			files = (
				D705730D28F9882400B549BF /* FeedItemsMapper.swift in Sources */,
				D7559C0A28F7FFEC001154DF /* FeedLoader.swift in Sources */,
				D734DA0B28F8153B0092A4B7 /* RemoteFeedLoader.swift in Sources */,
				D705730B28F9880500B549BF /* HTTPClient.swift in Sources */,
				D7559C0828F7FEB5001154DF /* FeedItem.swift in Sources */,
				D75F1DEF28FE9BA000C04888 /* URLSessionHTTPClient.swift in Sources */,
			);
			runOnlyForDeploymentPostprocessing = 0;
		};
		D7559BF328F7FE7F001154DF /* Sources */ = {
			isa = PBXSourcesBuildPhase;
			buildActionMask = 2147483647;
			files = (
				D734DA0828F80C860092A4B7 /* RemoteFeedLoaderTests.swift in Sources */,
				D77A4E1028FD52E400128911 /* URLSessionHTTPClientTests.swift in Sources */,
				D7D74DC32907FC090010B134 /* CacheFeedUseCaseTest.swift in Sources */,
				D77A4E1328FD8A1900128911 /* XCTestCase+MemoryLeakTracking.swift in Sources */,
			);
			runOnlyForDeploymentPostprocessing = 0;
		};
		D75F1DF028FECA7000C04888 /* Sources */ = {
			isa = PBXSourcesBuildPhase;
			buildActionMask = 2147483647;
			files = (
				D75F1DF728FECA7000C04888 /* EssentialFeedAPIEndToEndTests.swift in Sources */,
				D75F1DFE28FEE1D400C04888 /* XCTestCase+MemoryLeakTracking.swift in Sources */,
			);
			runOnlyForDeploymentPostprocessing = 0;
		};
/* End PBXSourcesBuildPhase section */

/* Begin PBXTargetDependency section */
		D7559BFA28F7FE7F001154DF /* PBXTargetDependency */ = {
			isa = PBXTargetDependency;
			target = D7559BEE28F7FE7E001154DF /* EssentialFeed */;
			targetProxy = D7559BF928F7FE7F001154DF /* PBXContainerItemProxy */;
		};
		D75F1DFA28FECA7000C04888 /* PBXTargetDependency */ = {
			isa = PBXTargetDependency;
			target = D7559BEE28F7FE7E001154DF /* EssentialFeed */;
			targetProxy = D75F1DF928FECA7000C04888 /* PBXContainerItemProxy */;
		};
/* End PBXTargetDependency section */

/* Begin XCBuildConfiguration section */
		D7559BFF28F7FE7F001154DF /* Debug */ = {
			isa = XCBuildConfiguration;
			buildSettings = {
				ALWAYS_SEARCH_USER_PATHS = NO;
				CLANG_ANALYZER_NONNULL = YES;
				CLANG_ANALYZER_NUMBER_OBJECT_CONVERSION = YES_AGGRESSIVE;
				CLANG_CXX_LANGUAGE_STANDARD = "gnu++17";
				CLANG_ENABLE_MODULES = YES;
				CLANG_ENABLE_OBJC_ARC = YES;
				CLANG_ENABLE_OBJC_WEAK = YES;
				CLANG_WARN_BLOCK_CAPTURE_AUTORELEASING = YES;
				CLANG_WARN_BOOL_CONVERSION = YES;
				CLANG_WARN_COMMA = YES;
				CLANG_WARN_CONSTANT_CONVERSION = YES;
				CLANG_WARN_DEPRECATED_OBJC_IMPLEMENTATIONS = YES;
				CLANG_WARN_DIRECT_OBJC_ISA_USAGE = YES_ERROR;
				CLANG_WARN_DOCUMENTATION_COMMENTS = YES;
				CLANG_WARN_EMPTY_BODY = YES;
				CLANG_WARN_ENUM_CONVERSION = YES;
				CLANG_WARN_INFINITE_RECURSION = YES;
				CLANG_WARN_INT_CONVERSION = YES;
				CLANG_WARN_NON_LITERAL_NULL_CONVERSION = YES;
				CLANG_WARN_OBJC_IMPLICIT_RETAIN_SELF = YES;
				CLANG_WARN_OBJC_LITERAL_CONVERSION = YES;
				CLANG_WARN_OBJC_ROOT_CLASS = YES_ERROR;
				CLANG_WARN_QUOTED_INCLUDE_IN_FRAMEWORK_HEADER = YES;
				CLANG_WARN_RANGE_LOOP_ANALYSIS = YES;
				CLANG_WARN_STRICT_PROTOTYPES = YES;
				CLANG_WARN_SUSPICIOUS_MOVE = YES;
				CLANG_WARN_UNGUARDED_AVAILABILITY = YES_AGGRESSIVE;
				CLANG_WARN_UNREACHABLE_CODE = YES;
				CLANG_WARN__DUPLICATE_METHOD_MATCH = YES;
				COPY_PHASE_STRIP = NO;
				CURRENT_PROJECT_VERSION = 1;
				DEBUG_INFORMATION_FORMAT = dwarf;
				ENABLE_STRICT_OBJC_MSGSEND = YES;
				ENABLE_TESTABILITY = YES;
				GCC_C_LANGUAGE_STANDARD = gnu11;
				GCC_DYNAMIC_NO_PIC = NO;
				GCC_NO_COMMON_BLOCKS = YES;
				GCC_OPTIMIZATION_LEVEL = 0;
				GCC_PREPROCESSOR_DEFINITIONS = (
					"DEBUG=1",
					"$(inherited)",
				);
				GCC_WARN_64_TO_32_BIT_CONVERSION = YES;
				GCC_WARN_ABOUT_RETURN_TYPE = YES_ERROR;
				GCC_WARN_UNDECLARED_SELECTOR = YES;
				GCC_WARN_UNINITIALIZED_AUTOS = YES_AGGRESSIVE;
				GCC_WARN_UNUSED_FUNCTION = YES;
				GCC_WARN_UNUSED_VARIABLE = YES;
				MACOSX_DEPLOYMENT_TARGET = 12.3;
				MTL_ENABLE_DEBUG_INFO = INCLUDE_SOURCE;
				MTL_FAST_MATH = YES;
				ONLY_ACTIVE_ARCH = YES;
				SDKROOT = macosx;
				SWIFT_ACTIVE_COMPILATION_CONDITIONS = DEBUG;
				SWIFT_OPTIMIZATION_LEVEL = "-Onone";
				VERSIONING_SYSTEM = "apple-generic";
				VERSION_INFO_PREFIX = "";
			};
			name = Debug;
		};
		D7559C0028F7FE7F001154DF /* Release */ = {
			isa = XCBuildConfiguration;
			buildSettings = {
				ALWAYS_SEARCH_USER_PATHS = NO;
				CLANG_ANALYZER_NONNULL = YES;
				CLANG_ANALYZER_NUMBER_OBJECT_CONVERSION = YES_AGGRESSIVE;
				CLANG_CXX_LANGUAGE_STANDARD = "gnu++17";
				CLANG_ENABLE_MODULES = YES;
				CLANG_ENABLE_OBJC_ARC = YES;
				CLANG_ENABLE_OBJC_WEAK = YES;
				CLANG_WARN_BLOCK_CAPTURE_AUTORELEASING = YES;
				CLANG_WARN_BOOL_CONVERSION = YES;
				CLANG_WARN_COMMA = YES;
				CLANG_WARN_CONSTANT_CONVERSION = YES;
				CLANG_WARN_DEPRECATED_OBJC_IMPLEMENTATIONS = YES;
				CLANG_WARN_DIRECT_OBJC_ISA_USAGE = YES_ERROR;
				CLANG_WARN_DOCUMENTATION_COMMENTS = YES;
				CLANG_WARN_EMPTY_BODY = YES;
				CLANG_WARN_ENUM_CONVERSION = YES;
				CLANG_WARN_INFINITE_RECURSION = YES;
				CLANG_WARN_INT_CONVERSION = YES;
				CLANG_WARN_NON_LITERAL_NULL_CONVERSION = YES;
				CLANG_WARN_OBJC_IMPLICIT_RETAIN_SELF = YES;
				CLANG_WARN_OBJC_LITERAL_CONVERSION = YES;
				CLANG_WARN_OBJC_ROOT_CLASS = YES_ERROR;
				CLANG_WARN_QUOTED_INCLUDE_IN_FRAMEWORK_HEADER = YES;
				CLANG_WARN_RANGE_LOOP_ANALYSIS = YES;
				CLANG_WARN_STRICT_PROTOTYPES = YES;
				CLANG_WARN_SUSPICIOUS_MOVE = YES;
				CLANG_WARN_UNGUARDED_AVAILABILITY = YES_AGGRESSIVE;
				CLANG_WARN_UNREACHABLE_CODE = YES;
				CLANG_WARN__DUPLICATE_METHOD_MATCH = YES;
				COPY_PHASE_STRIP = NO;
				CURRENT_PROJECT_VERSION = 1;
				DEBUG_INFORMATION_FORMAT = "dwarf-with-dsym";
				ENABLE_NS_ASSERTIONS = NO;
				ENABLE_STRICT_OBJC_MSGSEND = YES;
				GCC_C_LANGUAGE_STANDARD = gnu11;
				GCC_NO_COMMON_BLOCKS = YES;
				GCC_WARN_64_TO_32_BIT_CONVERSION = YES;
				GCC_WARN_ABOUT_RETURN_TYPE = YES_ERROR;
				GCC_WARN_UNDECLARED_SELECTOR = YES;
				GCC_WARN_UNINITIALIZED_AUTOS = YES_AGGRESSIVE;
				GCC_WARN_UNUSED_FUNCTION = YES;
				GCC_WARN_UNUSED_VARIABLE = YES;
				MACOSX_DEPLOYMENT_TARGET = 12.3;
				MTL_ENABLE_DEBUG_INFO = NO;
				MTL_FAST_MATH = YES;
				SDKROOT = macosx;
				SWIFT_COMPILATION_MODE = wholemodule;
				SWIFT_OPTIMIZATION_LEVEL = "-O";
				VERSIONING_SYSTEM = "apple-generic";
				VERSION_INFO_PREFIX = "";
			};
			name = Release;
		};
		D7559C0228F7FE7F001154DF /* Debug */ = {
			isa = XCBuildConfiguration;
			buildSettings = {
				CLANG_ENABLE_MODULES = YES;
				CODE_SIGN_STYLE = Automatic;
				COMBINE_HIDPI_IMAGES = YES;
				CURRENT_PROJECT_VERSION = 1;
				DEFINES_MODULE = YES;
				DEVELOPMENT_TEAM = BY2VY6JUSG;
				DYLIB_COMPATIBILITY_VERSION = 1;
				DYLIB_CURRENT_VERSION = 1;
				DYLIB_INSTALL_NAME_BASE = "@rpath";
				GENERATE_INFOPLIST_FILE = YES;
				INFOPLIST_KEY_NSHumanReadableCopyright = "";
				INSTALL_PATH = "$(LOCAL_LIBRARY_DIR)/Frameworks";
				LD_RUNPATH_SEARCH_PATHS = (
					"$(inherited)",
					"@executable_path/../Frameworks",
					"@loader_path/Frameworks",
				);
				MARKETING_VERSION = 1.0;
				PRODUCT_BUNDLE_IDENTIFIER = me.mohammadreza.EssentialFeed;
				PRODUCT_NAME = "$(TARGET_NAME:c99extidentifier)";
				SKIP_INSTALL = YES;
				SWIFT_EMIT_LOC_STRINGS = YES;
				SWIFT_OPTIMIZATION_LEVEL = "-Onone";
				SWIFT_VERSION = 5.0;
			};
			name = Debug;
		};
		D7559C0328F7FE7F001154DF /* Release */ = {
			isa = XCBuildConfiguration;
			buildSettings = {
				CLANG_ENABLE_MODULES = YES;
				CODE_SIGN_STYLE = Automatic;
				COMBINE_HIDPI_IMAGES = YES;
				CURRENT_PROJECT_VERSION = 1;
				DEFINES_MODULE = YES;
				DEVELOPMENT_TEAM = BY2VY6JUSG;
				DYLIB_COMPATIBILITY_VERSION = 1;
				DYLIB_CURRENT_VERSION = 1;
				DYLIB_INSTALL_NAME_BASE = "@rpath";
				GENERATE_INFOPLIST_FILE = YES;
				INFOPLIST_KEY_NSHumanReadableCopyright = "";
				INSTALL_PATH = "$(LOCAL_LIBRARY_DIR)/Frameworks";
				LD_RUNPATH_SEARCH_PATHS = (
					"$(inherited)",
					"@executable_path/../Frameworks",
					"@loader_path/Frameworks",
				);
				MARKETING_VERSION = 1.0;
				PRODUCT_BUNDLE_IDENTIFIER = me.mohammadreza.EssentialFeed;
				PRODUCT_NAME = "$(TARGET_NAME:c99extidentifier)";
				SKIP_INSTALL = YES;
				SWIFT_EMIT_LOC_STRINGS = YES;
				SWIFT_VERSION = 5.0;
			};
			name = Release;
		};
		D7559C0528F7FE7F001154DF /* Debug */ = {
			isa = XCBuildConfiguration;
			buildSettings = {
				ALWAYS_EMBED_SWIFT_STANDARD_LIBRARIES = YES;
				CODE_SIGN_STYLE = Automatic;
				CURRENT_PROJECT_VERSION = 1;
				DEVELOPMENT_TEAM = BY2VY6JUSG;
				GENERATE_INFOPLIST_FILE = YES;
				MARKETING_VERSION = 1.0;
				PRODUCT_BUNDLE_IDENTIFIER = me.mohammadreza.EssentialFeedTests;
				PRODUCT_NAME = "$(TARGET_NAME)";
				SWIFT_EMIT_LOC_STRINGS = NO;
				SWIFT_VERSION = 5.0;
			};
			name = Debug;
		};
		D7559C0628F7FE7F001154DF /* Release */ = {
			isa = XCBuildConfiguration;
			buildSettings = {
				ALWAYS_EMBED_SWIFT_STANDARD_LIBRARIES = YES;
				CODE_SIGN_STYLE = Automatic;
				CURRENT_PROJECT_VERSION = 1;
				DEVELOPMENT_TEAM = BY2VY6JUSG;
				GENERATE_INFOPLIST_FILE = YES;
				MARKETING_VERSION = 1.0;
				PRODUCT_BUNDLE_IDENTIFIER = me.mohammadreza.EssentialFeedTests;
				PRODUCT_NAME = "$(TARGET_NAME)";
				SWIFT_EMIT_LOC_STRINGS = NO;
				SWIFT_VERSION = 5.0;
			};
			name = Release;
		};
		D75F1DFC28FECA7000C04888 /* Debug */ = {
			isa = XCBuildConfiguration;
			buildSettings = {
				CLANG_CXX_LANGUAGE_STANDARD = "gnu++20";
				CODE_SIGN_STYLE = Automatic;
				CURRENT_PROJECT_VERSION = 1;
				DEVELOPMENT_TEAM = BY2VY6JUSG;
				GENERATE_INFOPLIST_FILE = YES;
				MACOSX_DEPLOYMENT_TARGET = 12.5;
				MARKETING_VERSION = 1.0;
				PRODUCT_BUNDLE_IDENTIFIER = me.mohammadreza.EssentialFeedAPIEndToEndTests;
				PRODUCT_NAME = "$(TARGET_NAME)";
				SWIFT_EMIT_LOC_STRINGS = NO;
				SWIFT_VERSION = 5.0;
			};
			name = Debug;
		};
		D75F1DFD28FECA7000C04888 /* Release */ = {
			isa = XCBuildConfiguration;
			buildSettings = {
				CLANG_CXX_LANGUAGE_STANDARD = "gnu++20";
				CODE_SIGN_STYLE = Automatic;
				CURRENT_PROJECT_VERSION = 1;
				DEVELOPMENT_TEAM = BY2VY6JUSG;
				GENERATE_INFOPLIST_FILE = YES;
				MACOSX_DEPLOYMENT_TARGET = 12.5;
				MARKETING_VERSION = 1.0;
				PRODUCT_BUNDLE_IDENTIFIER = me.mohammadreza.EssentialFeedAPIEndToEndTests;
				PRODUCT_NAME = "$(TARGET_NAME)";
				SWIFT_EMIT_LOC_STRINGS = NO;
				SWIFT_VERSION = 5.0;
			};
			name = Release;
		};
/* End XCBuildConfiguration section */

/* Begin XCConfigurationList section */
		D7559BE928F7FE7E001154DF /* Build configuration list for PBXProject "EssentialFeed" */ = {
			isa = XCConfigurationList;
			buildConfigurations = (
				D7559BFF28F7FE7F001154DF /* Debug */,
				D7559C0028F7FE7F001154DF /* Release */,
			);
			defaultConfigurationIsVisible = 0;
			defaultConfigurationName = Release;
		};
		D7559C0128F7FE7F001154DF /* Build configuration list for PBXNativeTarget "EssentialFeed" */ = {
			isa = XCConfigurationList;
			buildConfigurations = (
				D7559C0228F7FE7F001154DF /* Debug */,
				D7559C0328F7FE7F001154DF /* Release */,
			);
			defaultConfigurationIsVisible = 0;
			defaultConfigurationName = Release;
		};
		D7559C0428F7FE7F001154DF /* Build configuration list for PBXNativeTarget "EssentialFeedTests" */ = {
			isa = XCConfigurationList;
			buildConfigurations = (
				D7559C0528F7FE7F001154DF /* Debug */,
				D7559C0628F7FE7F001154DF /* Release */,
			);
			defaultConfigurationIsVisible = 0;
			defaultConfigurationName = Release;
		};
		D75F1DFB28FECA7000C04888 /* Build configuration list for PBXNativeTarget "EssentialFeedAPIEndToEndTests" */ = {
			isa = XCConfigurationList;
			buildConfigurations = (
				D75F1DFC28FECA7000C04888 /* Debug */,
				D75F1DFD28FECA7000C04888 /* Release */,
			);
			defaultConfigurationIsVisible = 0;
			defaultConfigurationName = Release;
		};
/* End XCConfigurationList section */
	};
	rootObject = D7559BE628F7FE7E001154DF /* Project object */;
}
