// !$*UTF8*$!
{
	archiveVersion = 1;
	classes = {
	};
	objectVersion = 56;
	objects = {

/* Begin PBXBuildFile section */
		D762EEFD2938E20E00729B47 /* XCTestCase+FeedLoader.swift in Sources */ = {isa = PBXBuildFile; fileRef = D762EEFC2938E20E00729B47 /* XCTestCase+FeedLoader.swift */; };
		D762EF012938EA3500729B47 /* FeedLoaderCacheDecorator.swift in Sources */ = {isa = PBXBuildFile; fileRef = D762EF002938EA3500729B47 /* FeedLoaderCacheDecorator.swift */; };
		D77888A92938A5BC000AFFFA /* FeedLoaderWithFallbackComposite.swift in Sources */ = {isa = PBXBuildFile; fileRef = D77888A82938A5BB000AFFFA /* FeedLoaderWithFallbackComposite.swift */; };
		D77888AB2938A674000AFFFA /* FeedImageDataLoaderWithFallbackCompositeTests.swift in Sources */ = {isa = PBXBuildFile; fileRef = D77888AA2938A674000AFFFA /* FeedImageDataLoaderWithFallbackCompositeTests.swift */; };
		D77888AD2938BD5C000AFFFA /* FeedImageDataLoaderWithFallbackComposite.swift in Sources */ = {isa = PBXBuildFile; fileRef = D77888AC2938BD5C000AFFFA /* FeedImageDataLoaderWithFallbackComposite.swift */; };
		D77888B02938BDCE000AFFFA /* XCTestCase+MemoryLeakTracking.swift in Sources */ = {isa = PBXBuildFile; fileRef = D77888AF2938BDCE000AFFFA /* XCTestCase+MemoryLeakTracking.swift */; };
		D77888B22938BE6F000AFFFA /* SharedTestHelpers.swift in Sources */ = {isa = PBXBuildFile; fileRef = D77888B12938BE6F000AFFFA /* SharedTestHelpers.swift */; };
		D77888B42938D8B3000AFFFA /* FeedLoaderCacheDecoratorTests.swift in Sources */ = {isa = PBXBuildFile; fileRef = D77888B32938D8B3000AFFFA /* FeedLoaderCacheDecoratorTests.swift */; };
		D77888B62938DBF2000AFFFA /* FeedLoaderStub.swift in Sources */ = {isa = PBXBuildFile; fileRef = D77888B52938DBF2000AFFFA /* FeedLoaderStub.swift */; };
		D77A906129376CB90027A16F /* AppDelegate.swift in Sources */ = {isa = PBXBuildFile; fileRef = D77A906029376CB90027A16F /* AppDelegate.swift */; };
		D77A906329376CB90027A16F /* SceneDelegate.swift in Sources */ = {isa = PBXBuildFile; fileRef = D77A906229376CB90027A16F /* SceneDelegate.swift */; };
		D77A906529376CB90027A16F /* ViewController.swift in Sources */ = {isa = PBXBuildFile; fileRef = D77A906429376CB90027A16F /* ViewController.swift */; };
		D77A906A29376CBB0027A16F /* Assets.xcassets in Resources */ = {isa = PBXBuildFile; fileRef = D77A906929376CBB0027A16F /* Assets.xcassets */; };
		D77A906D29376CBB0027A16F /* LaunchScreen.storyboard in Resources */ = {isa = PBXBuildFile; fileRef = D77A906B29376CBB0027A16F /* LaunchScreen.storyboard */; };
		D77A909329377BF20027A16F /* EssentialFeed.framework in Frameworks */ = {isa = PBXBuildFile; fileRef = D77A909129377BF20027A16F /* EssentialFeed.framework */; };
		D77A909429377BF20027A16F /* EssentialFeed.framework in Embed Frameworks */ = {isa = PBXBuildFile; fileRef = D77A909129377BF20027A16F /* EssentialFeed.framework */; settings = {ATTRIBUTES = (CodeSignOnCopy, RemoveHeadersOnCopy, ); }; };
		D77A909529377BF20027A16F /* EssentialFeediOS.framework in Frameworks */ = {isa = PBXBuildFile; fileRef = D77A909229377BF20027A16F /* EssentialFeediOS.framework */; };
		D77A909629377BF20027A16F /* EssentialFeediOS.framework in Embed Frameworks */ = {isa = PBXBuildFile; fileRef = D77A909229377BF20027A16F /* EssentialFeediOS.framework */; settings = {ATTRIBUTES = (CodeSignOnCopy, RemoveHeadersOnCopy, ); }; };
		D77A90992937A48E0027A16F /* FeedLoaderWithFallbackCompositeTests.swift in Sources */ = {isa = PBXBuildFile; fileRef = D77A90982937A48E0027A16F /* FeedLoaderWithFallbackCompositeTests.swift */; };
		D7B02F8A2939E69100AC9EC7 /* FeedImageDataLoaderCacheDecoratorTests.swift in Sources */ = {isa = PBXBuildFile; fileRef = D7B02F892939E69100AC9EC7 /* FeedImageDataLoaderCacheDecoratorTests.swift */; };
		D7B02F8C2939F7AF00AC9EC7 /* FeedImageDataLoaderSpy.swift in Sources */ = {isa = PBXBuildFile; fileRef = D7B02F8B2939F7AF00AC9EC7 /* FeedImageDataLoaderSpy.swift */; };
		D7B02F8E2939F82500AC9EC7 /* XCTestCase+FeedImageDataLoader.swift in Sources */ = {isa = PBXBuildFile; fileRef = D7B02F8D2939F82500AC9EC7 /* XCTestCase+FeedImageDataLoader.swift */; };
		D7B02F92293A06B200AC9EC7 /* FeedImageDataLoaderCacheDecorator.swift in Sources */ = {isa = PBXBuildFile; fileRef = D7B02F91293A06B200AC9EC7 /* FeedImageDataLoaderCacheDecorator.swift */; };
		D7BFEEB2294A0E52007A0422 /* EssentialAppUIAcceptanceTests.swift in Sources */ = {isa = PBXBuildFile; fileRef = D7BFEEB1294A0E52007A0422 /* EssentialAppUIAcceptanceTests.swift */; };
		D7ED4F33294CA02B00310A1C /* SceneDelegateTests.swift in Sources */ = {isa = PBXBuildFile; fileRef = D7ED4F32294CA02B00310A1C /* SceneDelegateTests.swift */; };
		D7ED4F74294CA5D800310A1C /* FeedUIComposer.swift in Sources */ = {isa = PBXBuildFile; fileRef = D7ED4F6E294CA5D700310A1C /* FeedUIComposer.swift */; };
		D7ED4F75294CA5D800310A1C /* FeedViewAdapter.swift in Sources */ = {isa = PBXBuildFile; fileRef = D7ED4F72294CA5D800310A1C /* FeedViewAdapter.swift */; };
		D7ED4F76294CA5D800310A1C /* WeakVirtualProxy.swift in Sources */ = {isa = PBXBuildFile; fileRef = D7ED4F6F294CA5D700310A1C /* WeakVirtualProxy.swift */; };
		D7ED4F77294CA5D800310A1C /* FeedImageDataLoaderPresentationAdapter.swift in Sources */ = {isa = PBXBuildFile; fileRef = D7ED4F70294CA5D800310A1C /* FeedImageDataLoaderPresentationAdapter.swift */; };
		D7ED4F78294CA5D800310A1C /* MainQueueDispatchDecorator.swift in Sources */ = {isa = PBXBuildFile; fileRef = D7ED4F73294CA5D800310A1C /* MainQueueDispatchDecorator.swift */; };
		D7ED4F79294CA5D800310A1C /* FeedLoaderPresentationAdapter.swift in Sources */ = {isa = PBXBuildFile; fileRef = D7ED4F71294CA5D800310A1C /* FeedLoaderPresentationAdapter.swift */; };
		D7ED4F82294CA60900310A1C /* FeedViewController+Helpers.swift in Sources */ = {isa = PBXBuildFile; fileRef = D7ED4F7B294CA60700310A1C /* FeedViewController+Helpers.swift */; };
		D7ED4F83294CA60900310A1C /* FeedUIIntegrationTests+Helpers.swift in Sources */ = {isa = PBXBuildFile; fileRef = D7ED4F7F294CA60800310A1C /* FeedUIIntegrationTests+Helpers.swift */; };
		D7ED4F84294CA60900310A1C /* UIControl+Simulate.swift in Sources */ = {isa = PBXBuildFile; fileRef = D7ED4F7C294CA60800310A1C /* UIControl+Simulate.swift */; };
		D7ED4F85294CA60900310A1C /* FeedImageCell+Helpers.swift in Sources */ = {isa = PBXBuildFile; fileRef = D7ED4F7A294CA60700310A1C /* FeedImageCell+Helpers.swift */; };
		D7ED4F86294CA60900310A1C /* UIButton+SimulateTap.swift in Sources */ = {isa = PBXBuildFile; fileRef = D7ED4F80294CA60800310A1C /* UIButton+SimulateTap.swift */; };
		D7ED4F87294CA60900310A1C /* FeedViewController+Localized.swift in Sources */ = {isa = PBXBuildFile; fileRef = D7ED4F81294CA60800310A1C /* FeedViewController+Localized.swift */; };
		D7ED4F88294CA60900310A1C /* UIRefreshControl+Simulate.swift in Sources */ = {isa = PBXBuildFile; fileRef = D7ED4F7D294CA60800310A1C /* UIRefreshControl+Simulate.swift */; };
		D7ED4F89294CA60900310A1C /* UIImage+Make.swift in Sources */ = {isa = PBXBuildFile; fileRef = D7ED4F7E294CA60800310A1C /* UIImage+Make.swift */; };
		D7ED4F8B294CA61900310A1C /* FeedUIIntegrationTests.swift in Sources */ = {isa = PBXBuildFile; fileRef = D7ED4F8A294CA61900310A1C /* FeedUIIntegrationTests.swift */; };
		D7ED4F8D294CABA000310A1C /* FeedAcceptanceTests.swift in Sources */ = {isa = PBXBuildFile; fileRef = D7ED4F8C294CABA000310A1C /* FeedAcceptanceTests.swift */; };
		E4892700294BBB4600AC2DDA /* DebuggingSceneDelegate.swift in Sources */ = {isa = PBXBuildFile; fileRef = E48926FF294BBB4600AC2DDA /* DebuggingSceneDelegate.swift */; };
/* End PBXBuildFile section */

/* Begin PBXContainerItemProxy section */
		D77A907429376CBC0027A16F /* PBXContainerItemProxy */ = {
			isa = PBXContainerItemProxy;
			containerPortal = D77A905529376CB90027A16F /* Project object */;
			proxyType = 1;
			remoteGlobalIDString = D77A905C29376CB90027A16F;
			remoteInfo = EssentialApp;
		};
		D7BFEEB5294A0E52007A0422 /* PBXContainerItemProxy */ = {
			isa = PBXContainerItemProxy;
			containerPortal = D77A905529376CB90027A16F /* Project object */;
			proxyType = 1;
			remoteGlobalIDString = D77A905C29376CB90027A16F;
			remoteInfo = EssentialApp;
		};
/* End PBXContainerItemProxy section */

/* Begin PBXCopyFilesBuildPhase section */
		D77A909729377BF20027A16F /* Embed Frameworks */ = {
			isa = PBXCopyFilesBuildPhase;
			buildActionMask = 2147483647;
			dstPath = "";
			dstSubfolderSpec = 10;
			files = (
				D77A909429377BF20027A16F /* EssentialFeed.framework in Embed Frameworks */,
				D77A909629377BF20027A16F /* EssentialFeediOS.framework in Embed Frameworks */,
			);
			name = "Embed Frameworks";
			runOnlyForDeploymentPostprocessing = 0;
		};
/* End PBXCopyFilesBuildPhase section */

/* Begin PBXFileReference section */
		D762EEFC2938E20E00729B47 /* XCTestCase+FeedLoader.swift */ = {isa = PBXFileReference; lastKnownFileType = sourcecode.swift; path = "XCTestCase+FeedLoader.swift"; sourceTree = "<group>"; };
		D762EF002938EA3500729B47 /* FeedLoaderCacheDecorator.swift */ = {isa = PBXFileReference; lastKnownFileType = sourcecode.swift; path = FeedLoaderCacheDecorator.swift; sourceTree = "<group>"; };
		D77888A82938A5BB000AFFFA /* FeedLoaderWithFallbackComposite.swift */ = {isa = PBXFileReference; lastKnownFileType = sourcecode.swift; path = FeedLoaderWithFallbackComposite.swift; sourceTree = "<group>"; };
		D77888AA2938A674000AFFFA /* FeedImageDataLoaderWithFallbackCompositeTests.swift */ = {isa = PBXFileReference; lastKnownFileType = sourcecode.swift; path = FeedImageDataLoaderWithFallbackCompositeTests.swift; sourceTree = "<group>"; };
		D77888AC2938BD5C000AFFFA /* FeedImageDataLoaderWithFallbackComposite.swift */ = {isa = PBXFileReference; lastKnownFileType = sourcecode.swift; path = FeedImageDataLoaderWithFallbackComposite.swift; sourceTree = "<group>"; };
		D77888AF2938BDCE000AFFFA /* XCTestCase+MemoryLeakTracking.swift */ = {isa = PBXFileReference; lastKnownFileType = sourcecode.swift; path = "XCTestCase+MemoryLeakTracking.swift"; sourceTree = "<group>"; };
		D77888B12938BE6F000AFFFA /* SharedTestHelpers.swift */ = {isa = PBXFileReference; lastKnownFileType = sourcecode.swift; path = SharedTestHelpers.swift; sourceTree = "<group>"; };
		D77888B32938D8B3000AFFFA /* FeedLoaderCacheDecoratorTests.swift */ = {isa = PBXFileReference; lastKnownFileType = sourcecode.swift; path = FeedLoaderCacheDecoratorTests.swift; sourceTree = "<group>"; };
		D77888B52938DBF2000AFFFA /* FeedLoaderStub.swift */ = {isa = PBXFileReference; lastKnownFileType = sourcecode.swift; path = FeedLoaderStub.swift; sourceTree = "<group>"; };
		D77A905D29376CB90027A16F /* EssentialApp.app */ = {isa = PBXFileReference; explicitFileType = wrapper.application; includeInIndex = 0; path = EssentialApp.app; sourceTree = BUILT_PRODUCTS_DIR; };
		D77A906029376CB90027A16F /* AppDelegate.swift */ = {isa = PBXFileReference; lastKnownFileType = sourcecode.swift; path = AppDelegate.swift; sourceTree = "<group>"; };
		D77A906229376CB90027A16F /* SceneDelegate.swift */ = {isa = PBXFileReference; lastKnownFileType = sourcecode.swift; path = SceneDelegate.swift; sourceTree = "<group>"; };
		D77A906429376CB90027A16F /* ViewController.swift */ = {isa = PBXFileReference; lastKnownFileType = sourcecode.swift; path = ViewController.swift; sourceTree = "<group>"; };
		D77A906929376CBB0027A16F /* Assets.xcassets */ = {isa = PBXFileReference; lastKnownFileType = folder.assetcatalog; path = Assets.xcassets; sourceTree = "<group>"; };
		D77A906C29376CBB0027A16F /* Base */ = {isa = PBXFileReference; lastKnownFileType = file.storyboard; name = Base; path = Base.lproj/LaunchScreen.storyboard; sourceTree = "<group>"; };
		D77A906E29376CBB0027A16F /* Info.plist */ = {isa = PBXFileReference; lastKnownFileType = text.plist.xml; path = Info.plist; sourceTree = "<group>"; };
		D77A907329376CBC0027A16F /* EssentialAppTests.xctest */ = {isa = PBXFileReference; explicitFileType = wrapper.cfbundle; includeInIndex = 0; path = EssentialAppTests.xctest; sourceTree = BUILT_PRODUCTS_DIR; };
		D77A909129377BF20027A16F /* EssentialFeed.framework */ = {isa = PBXFileReference; explicitFileType = wrapper.framework; path = EssentialFeed.framework; sourceTree = BUILT_PRODUCTS_DIR; };
		D77A909229377BF20027A16F /* EssentialFeediOS.framework */ = {isa = PBXFileReference; explicitFileType = wrapper.framework; path = EssentialFeediOS.framework; sourceTree = BUILT_PRODUCTS_DIR; };
		D77A90982937A48E0027A16F /* FeedLoaderWithFallbackCompositeTests.swift */ = {isa = PBXFileReference; lastKnownFileType = sourcecode.swift; path = FeedLoaderWithFallbackCompositeTests.swift; sourceTree = "<group>"; };
		D7B02F892939E69100AC9EC7 /* FeedImageDataLoaderCacheDecoratorTests.swift */ = {isa = PBXFileReference; lastKnownFileType = sourcecode.swift; path = FeedImageDataLoaderCacheDecoratorTests.swift; sourceTree = "<group>"; };
		D7B02F8B2939F7AF00AC9EC7 /* FeedImageDataLoaderSpy.swift */ = {isa = PBXFileReference; lastKnownFileType = sourcecode.swift; path = FeedImageDataLoaderSpy.swift; sourceTree = "<group>"; };
		D7B02F8D2939F82500AC9EC7 /* XCTestCase+FeedImageDataLoader.swift */ = {isa = PBXFileReference; lastKnownFileType = sourcecode.swift; path = "XCTestCase+FeedImageDataLoader.swift"; sourceTree = "<group>"; };
		D7B02F91293A06B200AC9EC7 /* FeedImageDataLoaderCacheDecorator.swift */ = {isa = PBXFileReference; lastKnownFileType = sourcecode.swift; path = FeedImageDataLoaderCacheDecorator.swift; sourceTree = "<group>"; };
		D7BFEEAF294A0E52007A0422 /* EssentialAppUIAcceptanceTests.xctest */ = {isa = PBXFileReference; explicitFileType = wrapper.cfbundle; includeInIndex = 0; path = EssentialAppUIAcceptanceTests.xctest; sourceTree = BUILT_PRODUCTS_DIR; };
		D7BFEEB1294A0E52007A0422 /* EssentialAppUIAcceptanceTests.swift */ = {isa = PBXFileReference; lastKnownFileType = sourcecode.swift; path = EssentialAppUIAcceptanceTests.swift; sourceTree = "<group>"; };
		D7ED4F32294CA02B00310A1C /* SceneDelegateTests.swift */ = {isa = PBXFileReference; lastKnownFileType = sourcecode.swift; path = SceneDelegateTests.swift; sourceTree = "<group>"; };
		D7ED4F6E294CA5D700310A1C /* FeedUIComposer.swift */ = {isa = PBXFileReference; lastKnownFileType = sourcecode.swift; path = FeedUIComposer.swift; sourceTree = "<group>"; };
		D7ED4F6F294CA5D700310A1C /* WeakVirtualProxy.swift */ = {isa = PBXFileReference; lastKnownFileType = sourcecode.swift; path = WeakVirtualProxy.swift; sourceTree = "<group>"; };
		D7ED4F70294CA5D800310A1C /* FeedImageDataLoaderPresentationAdapter.swift */ = {isa = PBXFileReference; lastKnownFileType = sourcecode.swift; path = FeedImageDataLoaderPresentationAdapter.swift; sourceTree = "<group>"; };
		D7ED4F71294CA5D800310A1C /* FeedLoaderPresentationAdapter.swift */ = {isa = PBXFileReference; lastKnownFileType = sourcecode.swift; path = FeedLoaderPresentationAdapter.swift; sourceTree = "<group>"; };
		D7ED4F72294CA5D800310A1C /* FeedViewAdapter.swift */ = {isa = PBXFileReference; lastKnownFileType = sourcecode.swift; path = FeedViewAdapter.swift; sourceTree = "<group>"; };
		D7ED4F73294CA5D800310A1C /* MainQueueDispatchDecorator.swift */ = {isa = PBXFileReference; lastKnownFileType = sourcecode.swift; path = MainQueueDispatchDecorator.swift; sourceTree = "<group>"; };
		D7ED4F7A294CA60700310A1C /* FeedImageCell+Helpers.swift */ = {isa = PBXFileReference; lastKnownFileType = sourcecode.swift; path = "FeedImageCell+Helpers.swift"; sourceTree = "<group>"; };
		D7ED4F7B294CA60700310A1C /* FeedViewController+Helpers.swift */ = {isa = PBXFileReference; lastKnownFileType = sourcecode.swift; path = "FeedViewController+Helpers.swift"; sourceTree = "<group>"; };
		D7ED4F7C294CA60800310A1C /* UIControl+Simulate.swift */ = {isa = PBXFileReference; lastKnownFileType = sourcecode.swift; path = "UIControl+Simulate.swift"; sourceTree = "<group>"; };
		D7ED4F7D294CA60800310A1C /* UIRefreshControl+Simulate.swift */ = {isa = PBXFileReference; lastKnownFileType = sourcecode.swift; path = "UIRefreshControl+Simulate.swift"; sourceTree = "<group>"; };
		D7ED4F7E294CA60800310A1C /* UIImage+Make.swift */ = {isa = PBXFileReference; lastKnownFileType = sourcecode.swift; path = "UIImage+Make.swift"; sourceTree = "<group>"; };
		D7ED4F7F294CA60800310A1C /* FeedUIIntegrationTests+Helpers.swift */ = {isa = PBXFileReference; lastKnownFileType = sourcecode.swift; path = "FeedUIIntegrationTests+Helpers.swift"; sourceTree = "<group>"; };
		D7ED4F80294CA60800310A1C /* UIButton+SimulateTap.swift */ = {isa = PBXFileReference; lastKnownFileType = sourcecode.swift; path = "UIButton+SimulateTap.swift"; sourceTree = "<group>"; };
		D7ED4F81294CA60800310A1C /* FeedViewController+Localized.swift */ = {isa = PBXFileReference; lastKnownFileType = sourcecode.swift; path = "FeedViewController+Localized.swift"; sourceTree = "<group>"; };
		D7ED4F8A294CA61900310A1C /* FeedUIIntegrationTests.swift */ = {isa = PBXFileReference; lastKnownFileType = sourcecode.swift; path = FeedUIIntegrationTests.swift; sourceTree = "<group>"; };
		D7ED4F8C294CABA000310A1C /* FeedAcceptanceTests.swift */ = {isa = PBXFileReference; lastKnownFileType = sourcecode.swift; path = FeedAcceptanceTests.swift; sourceTree = "<group>"; };
		E48926FF294BBB4600AC2DDA /* DebuggingSceneDelegate.swift */ = {isa = PBXFileReference; lastKnownFileType = sourcecode.swift; path = DebuggingSceneDelegate.swift; sourceTree = "<group>"; };
/* End PBXFileReference section */

/* Begin PBXFrameworksBuildPhase section */
		D77A905A29376CB90027A16F /* Frameworks */ = {
			isa = PBXFrameworksBuildPhase;
			buildActionMask = 2147483647;
			files = (
				D77A909329377BF20027A16F /* EssentialFeed.framework in Frameworks */,
				D77A909529377BF20027A16F /* EssentialFeediOS.framework in Frameworks */,
			);
			runOnlyForDeploymentPostprocessing = 0;
		};
		D77A907029376CBC0027A16F /* Frameworks */ = {
			isa = PBXFrameworksBuildPhase;
			buildActionMask = 2147483647;
			files = (
			);
			runOnlyForDeploymentPostprocessing = 0;
		};
		D7BFEEAC294A0E52007A0422 /* Frameworks */ = {
			isa = PBXFrameworksBuildPhase;
			buildActionMask = 2147483647;
			files = (
			);
			runOnlyForDeploymentPostprocessing = 0;
		};
/* End PBXFrameworksBuildPhase section */

/* Begin PBXGroup section */
		D77888AE2938BDB6000AFFFA /* Helpers */ = {
			isa = PBXGroup;
			children = (
				D7ED4F81294CA60800310A1C /* FeedViewController+Localized.swift */,
				D7ED4F7B294CA60700310A1C /* FeedViewController+Helpers.swift */,
				D7ED4F7A294CA60700310A1C /* FeedImageCell+Helpers.swift */,
				D7ED4F7D294CA60800310A1C /* UIRefreshControl+Simulate.swift */,
				D7ED4F80294CA60800310A1C /* UIButton+SimulateTap.swift */,
				D7ED4F7C294CA60800310A1C /* UIControl+Simulate.swift */,
				D7ED4F7E294CA60800310A1C /* UIImage+Make.swift */,
				D7ED4F7F294CA60800310A1C /* FeedUIIntegrationTests+Helpers.swift */,
				D77888AF2938BDCE000AFFFA /* XCTestCase+MemoryLeakTracking.swift */,
				D77888B12938BE6F000AFFFA /* SharedTestHelpers.swift */,
				D77888B52938DBF2000AFFFA /* FeedLoaderStub.swift */,
				D7B02F8B2939F7AF00AC9EC7 /* FeedImageDataLoaderSpy.swift */,
				D762EEFC2938E20E00729B47 /* XCTestCase+FeedLoader.swift */,
				D7B02F8D2939F82500AC9EC7 /* XCTestCase+FeedImageDataLoader.swift */,
			);
			path = Helpers;
			sourceTree = "<group>";
		};
		D77A905429376CB90027A16F = {
			isa = PBXGroup;
			children = (
				D77A905F29376CB90027A16F /* EssentialApp */,
				D77A907629376CBC0027A16F /* EssentialAppTests */,
				D7BFEEB0294A0E52007A0422 /* EssentialAppUIAcceptanceTests */,
				D77A905E29376CB90027A16F /* Products */,
				D77A909029377BF20027A16F /* Frameworks */,
			);
			sourceTree = "<group>";
		};
		D77A905E29376CB90027A16F /* Products */ = {
			isa = PBXGroup;
			children = (
				D77A905D29376CB90027A16F /* EssentialApp.app */,
				D77A907329376CBC0027A16F /* EssentialAppTests.xctest */,
				D7BFEEAF294A0E52007A0422 /* EssentialAppUIAcceptanceTests.xctest */,
			);
			name = Products;
			sourceTree = "<group>";
		};
		D77A905F29376CB90027A16F /* EssentialApp */ = {
			isa = PBXGroup;
			children = (
				D77A906029376CB90027A16F /* AppDelegate.swift */,
				D77A906229376CB90027A16F /* SceneDelegate.swift */,
				E48926FF294BBB4600AC2DDA /* DebuggingSceneDelegate.swift */,
				D77A906429376CB90027A16F /* ViewController.swift */,
				D7ED4F6E294CA5D700310A1C /* FeedUIComposer.swift */,
				D7ED4F73294CA5D800310A1C /* MainQueueDispatchDecorator.swift */,
				D7ED4F71294CA5D800310A1C /* FeedLoaderPresentationAdapter.swift */,
				D7ED4F6F294CA5D700310A1C /* WeakVirtualProxy.swift */,
				D7ED4F70294CA5D800310A1C /* FeedImageDataLoaderPresentationAdapter.swift */,
				D7ED4F72294CA5D800310A1C /* FeedViewAdapter.swift */,
				D77888A82938A5BB000AFFFA /* FeedLoaderWithFallbackComposite.swift */,
				D77888AC2938BD5C000AFFFA /* FeedImageDataLoaderWithFallbackComposite.swift */,
				D762EF002938EA3500729B47 /* FeedLoaderCacheDecorator.swift */,
				D7B02F91293A06B200AC9EC7 /* FeedImageDataLoaderCacheDecorator.swift */,
				D77A906929376CBB0027A16F /* Assets.xcassets */,
				D77A906B29376CBB0027A16F /* LaunchScreen.storyboard */,
				D77A906E29376CBB0027A16F /* Info.plist */,
			);
			path = EssentialApp;
			sourceTree = "<group>";
		};
		D77A907629376CBC0027A16F /* EssentialAppTests */ = {
			isa = PBXGroup;
			children = (
				D77888AE2938BDB6000AFFFA /* Helpers */,
				D77A90982937A48E0027A16F /* FeedLoaderWithFallbackCompositeTests.swift */,
				D77888AA2938A674000AFFFA /* FeedImageDataLoaderWithFallbackCompositeTests.swift */,
				D77888B32938D8B3000AFFFA /* FeedLoaderCacheDecoratorTests.swift */,
				D7B02F892939E69100AC9EC7 /* FeedImageDataLoaderCacheDecoratorTests.swift */,
				D7ED4F32294CA02B00310A1C /* SceneDelegateTests.swift */,
				D7ED4F8A294CA61900310A1C /* FeedUIIntegrationTests.swift */,
				D7ED4F8C294CABA000310A1C /* FeedAcceptanceTests.swift */,
			);
			path = EssentialAppTests;
			sourceTree = "<group>";
		};
		D77A909029377BF20027A16F /* Frameworks */ = {
			isa = PBXGroup;
			children = (
				D77A909129377BF20027A16F /* EssentialFeed.framework */,
				D77A909229377BF20027A16F /* EssentialFeediOS.framework */,
			);
			name = Frameworks;
			sourceTree = "<group>";
		};
		D7BFEEB0294A0E52007A0422 /* EssentialAppUIAcceptanceTests */ = {
			isa = PBXGroup;
			children = (
				D7BFEEB1294A0E52007A0422 /* EssentialAppUIAcceptanceTests.swift */,
			);
			path = EssentialAppUIAcceptanceTests;
			sourceTree = "<group>";
		};
/* End PBXGroup section */

/* Begin PBXNativeTarget section */
		D77A905C29376CB90027A16F /* EssentialApp */ = {
			isa = PBXNativeTarget;
			buildConfigurationList = D77A908729376CBC0027A16F /* Build configuration list for PBXNativeTarget "EssentialApp" */;
			buildPhases = (
				D77A905929376CB90027A16F /* Sources */,
				D77A905A29376CB90027A16F /* Frameworks */,
				D77A905B29376CB90027A16F /* Resources */,
				D77A909729377BF20027A16F /* Embed Frameworks */,
			);
			buildRules = (
			);
			dependencies = (
			);
			name = EssentialApp;
			productName = EssentialApp;
			productReference = D77A905D29376CB90027A16F /* EssentialApp.app */;
			productType = "com.apple.product-type.application";
		};
		D77A907229376CBC0027A16F /* EssentialAppTests */ = {
			isa = PBXNativeTarget;
			buildConfigurationList = D77A908A29376CBC0027A16F /* Build configuration list for PBXNativeTarget "EssentialAppTests" */;
			buildPhases = (
				D77A906F29376CBC0027A16F /* Sources */,
				D77A907029376CBC0027A16F /* Frameworks */,
				D77A907129376CBC0027A16F /* Resources */,
			);
			buildRules = (
			);
			dependencies = (
				D77A907529376CBC0027A16F /* PBXTargetDependency */,
			);
			name = EssentialAppTests;
			productName = EssentialAppTests;
			productReference = D77A907329376CBC0027A16F /* EssentialAppTests.xctest */;
			productType = "com.apple.product-type.bundle.unit-test";
		};
		D7BFEEAE294A0E52007A0422 /* EssentialAppUIAcceptanceTests */ = {
			isa = PBXNativeTarget;
			buildConfigurationList = D7BFEEB9294A0E52007A0422 /* Build configuration list for PBXNativeTarget "EssentialAppUIAcceptanceTests" */;
			buildPhases = (
				D7BFEEAB294A0E52007A0422 /* Sources */,
				D7BFEEAC294A0E52007A0422 /* Frameworks */,
				D7BFEEAD294A0E52007A0422 /* Resources */,
			);
			buildRules = (
			);
			dependencies = (
				D7BFEEB6294A0E52007A0422 /* PBXTargetDependency */,
			);
			name = EssentialAppUIAcceptanceTests;
			productName = EssentialAppUIAcceptanceTests;
			productReference = D7BFEEAF294A0E52007A0422 /* EssentialAppUIAcceptanceTests.xctest */;
			productType = "com.apple.product-type.bundle.ui-testing";
		};
/* End PBXNativeTarget section */

/* Begin PBXProject section */
		D77A905529376CB90027A16F /* Project object */ = {
			isa = PBXProject;
			attributes = {
				BuildIndependentTargetsInParallel = 1;
				LastSwiftUpdateCheck = 1410;
				LastUpgradeCheck = 1410;
				TargetAttributes = {
					D77A905C29376CB90027A16F = {
						CreatedOnToolsVersion = 14.1;
					};
					D77A907229376CBC0027A16F = {
						CreatedOnToolsVersion = 14.1;
						LastSwiftMigration = 1410;
						TestTargetID = D77A905C29376CB90027A16F;
					};
					D7BFEEAE294A0E52007A0422 = {
						CreatedOnToolsVersion = 14.1;
						TestTargetID = D77A905C29376CB90027A16F;
					};
				};
			};
			buildConfigurationList = D77A905829376CB90027A16F /* Build configuration list for PBXProject "EssentialApp" */;
			compatibilityVersion = "Xcode 14.0";
			developmentRegion = en;
			hasScannedForEncodings = 0;
			knownRegions = (
				en,
				Base,
			);
			mainGroup = D77A905429376CB90027A16F;
			productRefGroup = D77A905E29376CB90027A16F /* Products */;
			projectDirPath = "";
			projectRoot = "";
			targets = (
				D77A905C29376CB90027A16F /* EssentialApp */,
				D77A907229376CBC0027A16F /* EssentialAppTests */,
				D7BFEEAE294A0E52007A0422 /* EssentialAppUIAcceptanceTests */,
			);
		};
/* End PBXProject section */

/* Begin PBXResourcesBuildPhase section */
		D77A905B29376CB90027A16F /* Resources */ = {
			isa = PBXResourcesBuildPhase;
			buildActionMask = 2147483647;
			files = (
				D77A906D29376CBB0027A16F /* LaunchScreen.storyboard in Resources */,
				D77A906A29376CBB0027A16F /* Assets.xcassets in Resources */,
			);
			runOnlyForDeploymentPostprocessing = 0;
		};
		D77A907129376CBC0027A16F /* Resources */ = {
			isa = PBXResourcesBuildPhase;
			buildActionMask = 2147483647;
			files = (
			);
			runOnlyForDeploymentPostprocessing = 0;
		};
		D7BFEEAD294A0E52007A0422 /* Resources */ = {
			isa = PBXResourcesBuildPhase;
			buildActionMask = 2147483647;
			files = (
			);
			runOnlyForDeploymentPostprocessing = 0;
		};
/* End PBXResourcesBuildPhase section */

/* Begin PBXSourcesBuildPhase section */
		D77A905929376CB90027A16F /* Sources */ = {
			isa = PBXSourcesBuildPhase;
			buildActionMask = 2147483647;
			files = (
				D7ED4F77294CA5D800310A1C /* FeedImageDataLoaderPresentationAdapter.swift in Sources */,
				D77A906529376CB90027A16F /* ViewController.swift in Sources */,
				D7ED4F74294CA5D800310A1C /* FeedUIComposer.swift in Sources */,
				D77A906129376CB90027A16F /* AppDelegate.swift in Sources */,
				D7ED4F76294CA5D800310A1C /* WeakVirtualProxy.swift in Sources */,
				D7ED4F78294CA5D800310A1C /* MainQueueDispatchDecorator.swift in Sources */,
				D77888A92938A5BC000AFFFA /* FeedLoaderWithFallbackComposite.swift in Sources */,
				D7ED4F75294CA5D800310A1C /* FeedViewAdapter.swift in Sources */,
				D762EF012938EA3500729B47 /* FeedLoaderCacheDecorator.swift in Sources */,
				E4892700294BBB4600AC2DDA /* DebuggingSceneDelegate.swift in Sources */,
				D77A906329376CB90027A16F /* SceneDelegate.swift in Sources */,
				D77888AD2938BD5C000AFFFA /* FeedImageDataLoaderWithFallbackComposite.swift in Sources */,
				D7ED4F79294CA5D800310A1C /* FeedLoaderPresentationAdapter.swift in Sources */,
				D7B02F92293A06B200AC9EC7 /* FeedImageDataLoaderCacheDecorator.swift in Sources */,
			);
			runOnlyForDeploymentPostprocessing = 0;
		};
		D77A906F29376CBC0027A16F /* Sources */ = {
			isa = PBXSourcesBuildPhase;
			buildActionMask = 2147483647;
			files = (
				D7ED4F85294CA60900310A1C /* FeedImageCell+Helpers.swift in Sources */,
				D77888B22938BE6F000AFFFA /* SharedTestHelpers.swift in Sources */,
				D7B02F8A2939E69100AC9EC7 /* FeedImageDataLoaderCacheDecoratorTests.swift in Sources */,
				D7ED4F86294CA60900310A1C /* UIButton+SimulateTap.swift in Sources */,
				D7ED4F8B294CA61900310A1C /* FeedUIIntegrationTests.swift in Sources */,
				D762EEFD2938E20E00729B47 /* XCTestCase+FeedLoader.swift in Sources */,
				D7B02F8E2939F82500AC9EC7 /* XCTestCase+FeedImageDataLoader.swift in Sources */,
				D7ED4F87294CA60900310A1C /* FeedViewController+Localized.swift in Sources */,
				D7ED4F33294CA02B00310A1C /* SceneDelegateTests.swift in Sources */,
				D77888B42938D8B3000AFFFA /* FeedLoaderCacheDecoratorTests.swift in Sources */,
				D7B02F8C2939F7AF00AC9EC7 /* FeedImageDataLoaderSpy.swift in Sources */,
				D7ED4F89294CA60900310A1C /* UIImage+Make.swift in Sources */,
				D77888AB2938A674000AFFFA /* FeedImageDataLoaderWithFallbackCompositeTests.swift in Sources */,
				D7ED4F82294CA60900310A1C /* FeedViewController+Helpers.swift in Sources */,
				D77A90992937A48E0027A16F /* FeedLoaderWithFallbackCompositeTests.swift in Sources */,
				D77888B62938DBF2000AFFFA /* FeedLoaderStub.swift in Sources */,
				D7ED4F83294CA60900310A1C /* FeedUIIntegrationTests+Helpers.swift in Sources */,
				D7ED4F88294CA60900310A1C /* UIRefreshControl+Simulate.swift in Sources */,
				D77888B02938BDCE000AFFFA /* XCTestCase+MemoryLeakTracking.swift in Sources */,
				D7ED4F8D294CABA000310A1C /* FeedAcceptanceTests.swift in Sources */,
				D7ED4F84294CA60900310A1C /* UIControl+Simulate.swift in Sources */,
			);
			runOnlyForDeploymentPostprocessing = 0;
		};
		D7BFEEAB294A0E52007A0422 /* Sources */ = {
			isa = PBXSourcesBuildPhase;
			buildActionMask = 2147483647;
			files = (
				D7BFEEB2294A0E52007A0422 /* EssentialAppUIAcceptanceTests.swift in Sources */,
			);
			runOnlyForDeploymentPostprocessing = 0;
		};
/* End PBXSourcesBuildPhase section */

/* Begin PBXTargetDependency section */
		D77A907529376CBC0027A16F /* PBXTargetDependency */ = {
			isa = PBXTargetDependency;
			target = D77A905C29376CB90027A16F /* EssentialApp */;
			targetProxy = D77A907429376CBC0027A16F /* PBXContainerItemProxy */;
		};
		D7BFEEB6294A0E52007A0422 /* PBXTargetDependency */ = {
			isa = PBXTargetDependency;
			target = D77A905C29376CB90027A16F /* EssentialApp */;
			targetProxy = D7BFEEB5294A0E52007A0422 /* PBXContainerItemProxy */;
		};
/* End PBXTargetDependency section */

/* Begin PBXVariantGroup section */
		D77A906B29376CBB0027A16F /* LaunchScreen.storyboard */ = {
			isa = PBXVariantGroup;
			children = (
				D77A906C29376CBB0027A16F /* Base */,
			);
			name = LaunchScreen.storyboard;
			sourceTree = "<group>";
		};
/* End PBXVariantGroup section */

/* Begin XCBuildConfiguration section */
		D77A908529376CBC0027A16F /* Debug */ = {
			isa = XCBuildConfiguration;
			buildSettings = {
				ALWAYS_SEARCH_USER_PATHS = NO;
				CLANG_ANALYZER_NONNULL = YES;
				CLANG_ANALYZER_NUMBER_OBJECT_CONVERSION = YES_AGGRESSIVE;
				CLANG_CXX_LANGUAGE_STANDARD = "gnu++20";
				CLANG_ENABLE_MODULES = YES;
				CLANG_ENABLE_OBJC_ARC = YES;
				CLANG_ENABLE_OBJC_WEAK = YES;
				CLANG_WARN_BLOCK_CAPTURE_AUTORELEASING = YES;
				CLANG_WARN_BOOL_CONVERSION = YES;
				CLANG_WARN_COMMA = YES;
				CLANG_WARN_CONSTANT_CONVERSION = YES;
				CLANG_WARN_DEPRECATED_OBJC_IMPLEMENTATIONS = YES;
				CLANG_WARN_DIRECT_OBJC_ISA_USAGE = YES_ERROR;
				CLANG_WARN_DOCUMENTATION_COMMENTS = YES;
				CLANG_WARN_EMPTY_BODY = YES;
				CLANG_WARN_ENUM_CONVERSION = YES;
				CLANG_WARN_INFINITE_RECURSION = YES;
				CLANG_WARN_INT_CONVERSION = YES;
				CLANG_WARN_NON_LITERAL_NULL_CONVERSION = YES;
				CLANG_WARN_OBJC_IMPLICIT_RETAIN_SELF = YES;
				CLANG_WARN_OBJC_LITERAL_CONVERSION = YES;
				CLANG_WARN_OBJC_ROOT_CLASS = YES_ERROR;
				CLANG_WARN_QUOTED_INCLUDE_IN_FRAMEWORK_HEADER = YES;
				CLANG_WARN_RANGE_LOOP_ANALYSIS = YES;
				CLANG_WARN_STRICT_PROTOTYPES = YES;
				CLANG_WARN_SUSPICIOUS_MOVE = YES;
				CLANG_WARN_UNGUARDED_AVAILABILITY = YES_AGGRESSIVE;
				CLANG_WARN_UNREACHABLE_CODE = YES;
				CLANG_WARN__DUPLICATE_METHOD_MATCH = YES;
				COPY_PHASE_STRIP = NO;
				DEBUG_INFORMATION_FORMAT = dwarf;
				ENABLE_STRICT_OBJC_MSGSEND = YES;
				ENABLE_TESTABILITY = YES;
				GCC_C_LANGUAGE_STANDARD = gnu11;
				GCC_DYNAMIC_NO_PIC = NO;
				GCC_NO_COMMON_BLOCKS = YES;
				GCC_OPTIMIZATION_LEVEL = 0;
				GCC_PREPROCESSOR_DEFINITIONS = (
					"DEBUG=1",
					"$(inherited)",
				);
				GCC_WARN_64_TO_32_BIT_CONVERSION = YES;
				GCC_WARN_ABOUT_RETURN_TYPE = YES_ERROR;
				GCC_WARN_UNDECLARED_SELECTOR = YES;
				GCC_WARN_UNINITIALIZED_AUTOS = YES_AGGRESSIVE;
				GCC_WARN_UNUSED_FUNCTION = YES;
				GCC_WARN_UNUSED_VARIABLE = YES;
				IPHONEOS_DEPLOYMENT_TARGET = 16.0;
				MTL_ENABLE_DEBUG_INFO = INCLUDE_SOURCE;
				MTL_FAST_MATH = YES;
				ONLY_ACTIVE_ARCH = YES;
				SDKROOT = iphoneos;
				SWIFT_ACTIVE_COMPILATION_CONDITIONS = DEBUG;
				SWIFT_OPTIMIZATION_LEVEL = "-Onone";
			};
			name = Debug;
		};
		D77A908629376CBC0027A16F /* Release */ = {
			isa = XCBuildConfiguration;
			buildSettings = {
				ALWAYS_SEARCH_USER_PATHS = NO;
				CLANG_ANALYZER_NONNULL = YES;
				CLANG_ANALYZER_NUMBER_OBJECT_CONVERSION = YES_AGGRESSIVE;
				CLANG_CXX_LANGUAGE_STANDARD = "gnu++20";
				CLANG_ENABLE_MODULES = YES;
				CLANG_ENABLE_OBJC_ARC = YES;
				CLANG_ENABLE_OBJC_WEAK = YES;
				CLANG_WARN_BLOCK_CAPTURE_AUTORELEASING = YES;
				CLANG_WARN_BOOL_CONVERSION = YES;
				CLANG_WARN_COMMA = YES;
				CLANG_WARN_CONSTANT_CONVERSION = YES;
				CLANG_WARN_DEPRECATED_OBJC_IMPLEMENTATIONS = YES;
				CLANG_WARN_DIRECT_OBJC_ISA_USAGE = YES_ERROR;
				CLANG_WARN_DOCUMENTATION_COMMENTS = YES;
				CLANG_WARN_EMPTY_BODY = YES;
				CLANG_WARN_ENUM_CONVERSION = YES;
				CLANG_WARN_INFINITE_RECURSION = YES;
				CLANG_WARN_INT_CONVERSION = YES;
				CLANG_WARN_NON_LITERAL_NULL_CONVERSION = YES;
				CLANG_WARN_OBJC_IMPLICIT_RETAIN_SELF = YES;
				CLANG_WARN_OBJC_LITERAL_CONVERSION = YES;
				CLANG_WARN_OBJC_ROOT_CLASS = YES_ERROR;
				CLANG_WARN_QUOTED_INCLUDE_IN_FRAMEWORK_HEADER = YES;
				CLANG_WARN_RANGE_LOOP_ANALYSIS = YES;
				CLANG_WARN_STRICT_PROTOTYPES = YES;
				CLANG_WARN_SUSPICIOUS_MOVE = YES;
				CLANG_WARN_UNGUARDED_AVAILABILITY = YES_AGGRESSIVE;
				CLANG_WARN_UNREACHABLE_CODE = YES;
				CLANG_WARN__DUPLICATE_METHOD_MATCH = YES;
				COPY_PHASE_STRIP = NO;
				DEBUG_INFORMATION_FORMAT = "dwarf-with-dsym";
				ENABLE_NS_ASSERTIONS = NO;
				ENABLE_STRICT_OBJC_MSGSEND = YES;
				GCC_C_LANGUAGE_STANDARD = gnu11;
				GCC_NO_COMMON_BLOCKS = YES;
				GCC_WARN_64_TO_32_BIT_CONVERSION = YES;
				GCC_WARN_ABOUT_RETURN_TYPE = YES_ERROR;
				GCC_WARN_UNDECLARED_SELECTOR = YES;
				GCC_WARN_UNINITIALIZED_AUTOS = YES_AGGRESSIVE;
				GCC_WARN_UNUSED_FUNCTION = YES;
				GCC_WARN_UNUSED_VARIABLE = YES;
				IPHONEOS_DEPLOYMENT_TARGET = 16.0;
				MTL_ENABLE_DEBUG_INFO = NO;
				MTL_FAST_MATH = YES;
				SDKROOT = iphoneos;
				SWIFT_COMPILATION_MODE = wholemodule;
				SWIFT_OPTIMIZATION_LEVEL = "-O";
				VALIDATE_PRODUCT = YES;
			};
			name = Release;
		};
		D77A908829376CBC0027A16F /* Debug */ = {
			isa = XCBuildConfiguration;
			buildSettings = {
				ASSETCATALOG_COMPILER_APPICON_NAME = AppIcon;
				ASSETCATALOG_COMPILER_GLOBAL_ACCENT_COLOR_NAME = AccentColor;
				CODE_SIGN_STYLE = Automatic;
				CURRENT_PROJECT_VERSION = 1;
				DEVELOPMENT_TEAM = BY2VY6JUSG;
				GENERATE_INFOPLIST_FILE = YES;
				INFOPLIST_FILE = EssentialApp/Info.plist;
				INFOPLIST_KEY_UIApplicationSupportsIndirectInputEvents = YES;
				INFOPLIST_KEY_UILaunchStoryboardName = LaunchScreen;
				INFOPLIST_KEY_UIMainStoryboardFile = "";
				INFOPLIST_KEY_UISupportedInterfaceOrientations = UIInterfaceOrientationPortrait;
				INFOPLIST_KEY_UISupportedInterfaceOrientations_iPad = "UIInterfaceOrientationLandscapeLeft UIInterfaceOrientationLandscapeRight UIInterfaceOrientationPortrait UIInterfaceOrientationPortraitUpsideDown";
				IPHONEOS_DEPLOYMENT_TARGET = 16.0;
				LD_RUNPATH_SEARCH_PATHS = (
					"$(inherited)",
					"@executable_path/Frameworks",
				);
				MARKETING_VERSION = 1.0;
				PRODUCT_BUNDLE_IDENTIFIER = me.mohammadreza.EssentialApp;
				PRODUCT_NAME = "$(TARGET_NAME)";
				SWIFT_EMIT_LOC_STRINGS = YES;
				SWIFT_VERSION = 5.0;
				TARGETED_DEVICE_FAMILY = "1,2";
			};
			name = Debug;
		};
		D77A908929376CBC0027A16F /* Release */ = {
			isa = XCBuildConfiguration;
			buildSettings = {
				ASSETCATALOG_COMPILER_APPICON_NAME = AppIcon;
				ASSETCATALOG_COMPILER_GLOBAL_ACCENT_COLOR_NAME = AccentColor;
				CODE_SIGN_STYLE = Automatic;
				CURRENT_PROJECT_VERSION = 1;
				DEVELOPMENT_TEAM = BY2VY6JUSG;
				GENERATE_INFOPLIST_FILE = YES;
				INFOPLIST_FILE = EssentialApp/Info.plist;
				INFOPLIST_KEY_UIApplicationSupportsIndirectInputEvents = YES;
				INFOPLIST_KEY_UILaunchStoryboardName = LaunchScreen;
				INFOPLIST_KEY_UIMainStoryboardFile = "";
				INFOPLIST_KEY_UISupportedInterfaceOrientations = UIInterfaceOrientationPortrait;
				INFOPLIST_KEY_UISupportedInterfaceOrientations_iPad = "UIInterfaceOrientationLandscapeLeft UIInterfaceOrientationLandscapeRight UIInterfaceOrientationPortrait UIInterfaceOrientationPortraitUpsideDown";
				IPHONEOS_DEPLOYMENT_TARGET = 16.0;
				LD_RUNPATH_SEARCH_PATHS = (
					"$(inherited)",
					"@executable_path/Frameworks",
				);
				MARKETING_VERSION = 1.0;
				PRODUCT_BUNDLE_IDENTIFIER = me.mohammadreza.EssentialApp;
				PRODUCT_NAME = "$(TARGET_NAME)";
				SWIFT_EMIT_LOC_STRINGS = YES;
				SWIFT_VERSION = 5.0;
				TARGETED_DEVICE_FAMILY = "1,2";
			};
			name = Release;
		};
		D77A908B29376CBC0027A16F /* Debug */ = {
			isa = XCBuildConfiguration;
			buildSettings = {
				ALWAYS_EMBED_SWIFT_STANDARD_LIBRARIES = YES;
				BUNDLE_LOADER = "$(TEST_HOST)";
				CLANG_ENABLE_MODULES = YES;
				CODE_SIGN_STYLE = Automatic;
				CURRENT_PROJECT_VERSION = 1;
				DEVELOPMENT_TEAM = BY2VY6JUSG;
				GENERATE_INFOPLIST_FILE = YES;
				IPHONEOS_DEPLOYMENT_TARGET = 16.0;
				LD_RUNPATH_SEARCH_PATHS = (
					"$(inherited)",
					"@executable_path/Frameworks",
					"@loader_path/Frameworks",
				);
				MARKETING_VERSION = 1.0;
				PRODUCT_BUNDLE_IDENTIFIER = me.mohammadreza.EssentialAppTests;
				PRODUCT_NAME = "$(TARGET_NAME)";
				SWIFT_EMIT_LOC_STRINGS = NO;
				SWIFT_OPTIMIZATION_LEVEL = "-Onone";
				SWIFT_VERSION = 5.0;
				TARGETED_DEVICE_FAMILY = "1,2";
				TEST_HOST = "$(BUILT_PRODUCTS_DIR)/EssentialApp.app/$(BUNDLE_EXECUTABLE_FOLDER_PATH)/EssentialApp";
			};
			name = Debug;
		};
		D77A908C29376CBC0027A16F /* Release */ = {
			isa = XCBuildConfiguration;
			buildSettings = {
				ALWAYS_EMBED_SWIFT_STANDARD_LIBRARIES = YES;
				BUNDLE_LOADER = "$(TEST_HOST)";
				CLANG_ENABLE_MODULES = YES;
				CODE_SIGN_STYLE = Automatic;
				CURRENT_PROJECT_VERSION = 1;
				DEVELOPMENT_TEAM = BY2VY6JUSG;
				GENERATE_INFOPLIST_FILE = YES;
				IPHONEOS_DEPLOYMENT_TARGET = 16.0;
				LD_RUNPATH_SEARCH_PATHS = (
					"$(inherited)",
					"@executable_path/Frameworks",
					"@loader_path/Frameworks",
				);
				MARKETING_VERSION = 1.0;
				PRODUCT_BUNDLE_IDENTIFIER = me.mohammadreza.EssentialAppTests;
				PRODUCT_NAME = "$(TARGET_NAME)";
				SWIFT_EMIT_LOC_STRINGS = NO;
				SWIFT_VERSION = 5.0;
				TARGETED_DEVICE_FAMILY = "1,2";
				TEST_HOST = "$(BUILT_PRODUCTS_DIR)/EssentialApp.app/$(BUNDLE_EXECUTABLE_FOLDER_PATH)/EssentialApp";
			};
			name = Release;
		};
		D7BFEEB7294A0E52007A0422 /* Debug */ = {
			isa = XCBuildConfiguration;
			buildSettings = {
				CODE_SIGN_STYLE = Automatic;
				CURRENT_PROJECT_VERSION = 1;
				DEVELOPMENT_TEAM = BY2VY6JUSG;
				GENERATE_INFOPLIST_FILE = YES;
				MARKETING_VERSION = 1.0;
				PRODUCT_BUNDLE_IDENTIFIER = me.mohammadreza.EssentialAppUIAcceptanceTests;
				PRODUCT_NAME = "$(TARGET_NAME)";
				SWIFT_EMIT_LOC_STRINGS = NO;
				SWIFT_VERSION = 5.0;
				TARGETED_DEVICE_FAMILY = "1,2";
				TEST_TARGET_NAME = EssentialApp;
			};
			name = Debug;
		};
		D7BFEEB8294A0E52007A0422 /* Release */ = {
			isa = XCBuildConfiguration;
			buildSettings = {
				CODE_SIGN_STYLE = Automatic;
				CURRENT_PROJECT_VERSION = 1;
				DEVELOPMENT_TEAM = BY2VY6JUSG;
				GENERATE_INFOPLIST_FILE = YES;
				MARKETING_VERSION = 1.0;
				PRODUCT_BUNDLE_IDENTIFIER = me.mohammadreza.EssentialAppUIAcceptanceTests;
				PRODUCT_NAME = "$(TARGET_NAME)";
				SWIFT_EMIT_LOC_STRINGS = NO;
				SWIFT_VERSION = 5.0;
				TARGETED_DEVICE_FAMILY = "1,2";
				TEST_TARGET_NAME = EssentialApp;
			};
			name = Release;
		};
/* End XCBuildConfiguration section */

/* Begin XCConfigurationList section */
		D77A905829376CB90027A16F /* Build configuration list for PBXProject "EssentialApp" */ = {
			isa = XCConfigurationList;
			buildConfigurations = (
				D77A908529376CBC0027A16F /* Debug */,
				D77A908629376CBC0027A16F /* Release */,
			);
			defaultConfigurationIsVisible = 0;
			defaultConfigurationName = Release;
		};
		D77A908729376CBC0027A16F /* Build configuration list for PBXNativeTarget "EssentialApp" */ = {
			isa = XCConfigurationList;
			buildConfigurations = (
				D77A908829376CBC0027A16F /* Debug */,
				D77A908929376CBC0027A16F /* Release */,
			);
			defaultConfigurationIsVisible = 0;
			defaultConfigurationName = Release;
		};
		D77A908A29376CBC0027A16F /* Build configuration list for PBXNativeTarget "EssentialAppTests" */ = {
			isa = XCConfigurationList;
			buildConfigurations = (
				D77A908B29376CBC0027A16F /* Debug */,
				D77A908C29376CBC0027A16F /* Release */,
			);
			defaultConfigurationIsVisible = 0;
			defaultConfigurationName = Release;
		};
		D7BFEEB9294A0E52007A0422 /* Build configuration list for PBXNativeTarget "EssentialAppUIAcceptanceTests" */ = {
			isa = XCConfigurationList;
			buildConfigurations = (
				D7BFEEB7294A0E52007A0422 /* Debug */,
				D7BFEEB8294A0E52007A0422 /* Release */,
			);
			defaultConfigurationIsVisible = 0;
			defaultConfigurationName = Release;
		};
/* End XCConfigurationList section */
	};
	rootObject = D77A905529376CB90027A16F /* Project object */;
}
